// !$*UTF8*$!
{
	archiveVersion = 1;
	classes = {
	};
	objectVersion = 46;
	objects = {

/* Begin PBXBuildFile section */
		281227221C5D902300128D00 /* LoginSecureTextFieldCell.swift in Sources */ = {isa = PBXBuildFile; fileRef = 281227211C5D902300128D00 /* LoginSecureTextFieldCell.swift */; };
		281227241C5D905200128D00 /* LoginSecureTextField.swift in Sources */ = {isa = PBXBuildFile; fileRef = 281227231C5D905200128D00 /* LoginSecureTextField.swift */; };
		281227291C5D961900128D00 /* LoginButtonCell.swift in Sources */ = {isa = PBXBuildFile; fileRef = 281227281C5D961900128D00 /* LoginButtonCell.swift */; };
		2812272C1C5E644000128D00 /* ComposeToolbarViewController.swift in Sources */ = {isa = PBXBuildFile; fileRef = 2812272B1C5E644000128D00 /* ComposeToolbarViewController.swift */; };
		2812272E1C5E644E00128D00 /* ComposeToolbarView.swift in Sources */ = {isa = PBXBuildFile; fileRef = 2812272D1C5E644E00128D00 /* ComposeToolbarView.swift */; };
		281227341C5E752800128D00 /* ComposeViewController+MoveButtons.swift in Sources */ = {isa = PBXBuildFile; fileRef = 281227331C5E752800128D00 /* ComposeViewController+MoveButtons.swift */; };
		281227381C5E770B00128D00 /* ComposeViewController+NSTextStorageDelegate.swift in Sources */ = {isa = PBXBuildFile; fileRef = 281227371C5E770B00128D00 /* ComposeViewController+NSTextStorageDelegate.swift */; };
		2827492D1C66B13700A8F282 /* SongAttachment.swift in Sources */ = {isa = PBXBuildFile; fileRef = 2827492C1C66B13700A8F282 /* SongAttachment.swift */; };
		282CA58C1C45C3A50075AE9A /* StreamViewController.swift in Sources */ = {isa = PBXBuildFile; fileRef = 282CA58B1C45C3A50075AE9A /* StreamViewController.swift */; };
		282D92C31C42CCAF00B83109 /* AppDelegate.swift in Sources */ = {isa = PBXBuildFile; fileRef = 282D92C21C42CCAF00B83109 /* AppDelegate.swift */; };
		282D92C71C42CCAF00B83109 /* Assets.xcassets in Resources */ = {isa = PBXBuildFile; fileRef = 282D92C61C42CCAF00B83109 /* Assets.xcassets */; };
		282D92CA1C42CCAF00B83109 /* Main.storyboard in Resources */ = {isa = PBXBuildFile; fileRef = 282D92C81C42CCAF00B83109 /* Main.storyboard */; };
		282D92D91C42CDD900B83109 /* PeachKit.h in Headers */ = {isa = PBXBuildFile; fileRef = 282D92D81C42CDD900B83109 /* PeachKit.h */; settings = {ATTRIBUTES = (Public, ); }; };
		282D92DD1C42CDD900B83109 /* PeachKit.framework in Frameworks */ = {isa = PBXBuildFile; fileRef = 282D92D61C42CDD800B83109 /* PeachKit.framework */; };
		282D92DE1C42CDD900B83109 /* PeachKit.framework in Embed Frameworks */ = {isa = PBXBuildFile; fileRef = 282D92D61C42CDD800B83109 /* PeachKit.framework */; settings = {ATTRIBUTES = (CodeSignOnCopy, RemoveHeadersOnCopy, ); }; };
		282D92E41C42CDE600B83109 /* Peach.swift in Sources */ = {isa = PBXBuildFile; fileRef = 282D92E31C42CDE600B83109 /* Peach.swift */; };
		282D92E71C42D08F00B83109 /* Activity.swift in Sources */ = {isa = PBXBuildFile; fileRef = 282D92E61C42D08F00B83109 /* Activity.swift */; };
		282DD0B11C5ACA1B004AE18D /* PostActionsView.swift in Sources */ = {isa = PBXBuildFile; fileRef = 282DD0B01C5ACA1B004AE18D /* PostActionsView.swift */; };
		2833B0AC1C54FE2D00E945A5 /* ImgurKit.h in Headers */ = {isa = PBXBuildFile; fileRef = 2833B0AB1C54FE2D00E945A5 /* ImgurKit.h */; settings = {ATTRIBUTES = (Public, ); }; };
		2833B0B01C54FE2D00E945A5 /* ImgurKit.framework in Frameworks */ = {isa = PBXBuildFile; fileRef = 2833B0A91C54FE2D00E945A5 /* ImgurKit.framework */; };
		2833B0B11C54FE2D00E945A5 /* ImgurKit.framework in Embed Frameworks */ = {isa = PBXBuildFile; fileRef = 2833B0A91C54FE2D00E945A5 /* ImgurKit.framework */; settings = {ATTRIBUTES = (CodeSignOnCopy, RemoveHeadersOnCopy, ); }; };
		2833B0B61C55000500E945A5 /* Imgur.swift in Sources */ = {isa = PBXBuildFile; fileRef = 2833B0B51C55000500E945A5 /* Imgur.swift */; };
		2833B0B81C5500C900E945A5 /* Upload.swift in Sources */ = {isa = PBXBuildFile; fileRef = 2833B0B71C5500C900E945A5 /* Upload.swift */; };
		2833B0BA1C55011900E945A5 /* API.swift in Sources */ = {isa = PBXBuildFile; fileRef = 2833B0B91C55011900E945A5 /* API.swift */; };
		284F9EE71C66127C00BAB6C5 /* MagicInputViewController.swift in Sources */ = {isa = PBXBuildFile; fileRef = 284F9EE61C66127C00BAB6C5 /* MagicInputViewController.swift */; };
		284F9EEA1C66154A00BAB6C5 /* BatteryAttachment.swift in Sources */ = {isa = PBXBuildFile; fileRef = 284F9EE91C66154A00BAB6C5 /* BatteryAttachment.swift */; };
		284F9EED1C66167800BAB6C5 /* DiceAttachment.swift in Sources */ = {isa = PBXBuildFile; fileRef = 284F9EEC1C66167800BAB6C5 /* DiceAttachment.swift */; };
		284F9EF01C6616EC00BAB6C5 /* TimeAttachment.swift in Sources */ = {isa = PBXBuildFile; fileRef = 284F9EEF1C6616EC00BAB6C5 /* TimeAttachment.swift */; };
		284F9EF31C66173B00BAB6C5 /* DateAttachment.swift in Sources */ = {isa = PBXBuildFile; fileRef = 284F9EF21C66173B00BAB6C5 /* DateAttachment.swift */; };
		284F9EF61C6617CB00BAB6C5 /* MoodAttachment.swift in Sources */ = {isa = PBXBuildFile; fileRef = 284F9EF51C6617CB00BAB6C5 /* MoodAttachment.swift */; };
		284F9EF91C66185600BAB6C5 /* RatingAttachment.swift in Sources */ = {isa = PBXBuildFile; fileRef = 284F9EF81C66185600BAB6C5 /* RatingAttachment.swift */; };
		284F9EFC1C6618AB00BAB6C5 /* GoodMorningAttachment.swift in Sources */ = {isa = PBXBuildFile; fileRef = 284F9EFB1C6618AB00BAB6C5 /* GoodMorningAttachment.swift */; };
		284F9EFF1C6618FA00BAB6C5 /* GoodNightAttachment.swift in Sources */ = {isa = PBXBuildFile; fileRef = 284F9EFE1C6618FA00BAB6C5 /* GoodNightAttachment.swift */; };
		284F9F011C661D0300BAB6C5 /* GIFSearch.swift in Sources */ = {isa = PBXBuildFile; fileRef = 284F9F001C661D0300BAB6C5 /* GIFSearch.swift */; };
		284F9F051C66231000BAB6C5 /* MagicInputHandler.swift in Sources */ = {isa = PBXBuildFile; fileRef = 284F9F041C66231000BAB6C5 /* MagicInputHandler.swift */; };
		284F9F071C6625AB00BAB6C5 /* ComposeViewController+DeferredAttachmentDelegate.swift in Sources */ = {isa = PBXBuildFile; fileRef = 284F9F061C6625AB00BAB6C5 /* ComposeViewController+DeferredAttachmentDelegate.swift */; };
		28515A891C49CD1500F0ABE8 /* PostTextItem.xib in Resources */ = {isa = PBXBuildFile; fileRef = 28515A881C49CD1500F0ABE8 /* PostTextItem.xib */; };
		28515A8D1C49CE4900F0ABE8 /* PostImageItem.xib in Resources */ = {isa = PBXBuildFile; fileRef = 28515A8C1C49CE4900F0ABE8 /* PostImageItem.xib */; };
		28515A8F1C49CE5A00F0ABE8 /* PostImageItem.swift in Sources */ = {isa = PBXBuildFile; fileRef = 28515A8E1C49CE5A00F0ABE8 /* PostImageItem.swift */; };
		28515A921C49D04A00F0ABE8 /* PostTextCollectionViewItem.swift in Sources */ = {isa = PBXBuildFile; fileRef = 28515A911C49D04A00F0ABE8 /* PostTextCollectionViewItem.swift */; };
		28515A9C1C4AC81D00F0ABE8 /* PostGIFItem.xib in Resources */ = {isa = PBXBuildFile; fileRef = 28515A9B1C4AC81D00F0ABE8 /* PostGIFItem.xib */; };
		28515A9E1C4AC84700F0ABE8 /* PostGIFItem.swift in Sources */ = {isa = PBXBuildFile; fileRef = 28515A9D1C4AC84700F0ABE8 /* PostGIFItem.swift */; };
		28515AA11C4ADF1E00F0ABE8 /* PostActionsItem.xib in Resources */ = {isa = PBXBuildFile; fileRef = 28515AA01C4ADF1D00F0ABE8 /* PostActionsItem.xib */; };
		28515AA41C4AE02000F0ABE8 /* PostActionsItem.swift in Sources */ = {isa = PBXBuildFile; fileRef = 28515AA21C4AE02000F0ABE8 /* PostActionsItem.swift */; };
		2856A0A21C5D5EDC00B2BB21 /* ActivityViewController.swift in Sources */ = {isa = PBXBuildFile; fileRef = 2856A0A11C5D5EDC00B2BB21 /* ActivityViewController.swift */; };
		285DFB7B1C518DF600C34980 /* StreamCollectionViewDelegate.swift in Sources */ = {isa = PBXBuildFile; fileRef = 285DFB7A1C518DF600C34980 /* StreamCollectionViewDelegate.swift */; };
		285DFB7E1C518F4F00C34980 /* PostVideoItem.xib in Resources */ = {isa = PBXBuildFile; fileRef = 285DFB7D1C518F4F00C34980 /* PostVideoItem.xib */; };
		285DFB801C518FA400C34980 /* PostVideoItem.swift in Sources */ = {isa = PBXBuildFile; fileRef = 285DFB7F1C518FA400C34980 /* PostVideoItem.swift */; };
		285DFB841C52C23E00C34980 /* PostLocationItem.swift in Sources */ = {isa = PBXBuildFile; fileRef = 285DFB821C52C23E00C34980 /* PostLocationItem.swift */; };
		285DFB851C52C23E00C34980 /* PostLocationItem.xib in Resources */ = {isa = PBXBuildFile; fileRef = 285DFB831C52C23E00C34980 /* PostLocationItem.xib */; };
		285DFB891C52C31900C34980 /* PostLinkItem.swift in Sources */ = {isa = PBXBuildFile; fileRef = 285DFB871C52C31900C34980 /* PostLinkItem.swift */; };
		285DFB8A1C52C31900C34980 /* PostLinkItem.xib in Resources */ = {isa = PBXBuildFile; fileRef = 285DFB881C52C31900C34980 /* PostLinkItem.xib */; };
		285DFB8E1C52D7F500C34980 /* PeachPlayerView.swift in Sources */ = {isa = PBXBuildFile; fileRef = 285DFB8D1C52D7F500C34980 /* PeachPlayerView.swift */; };
		285DFB961C52DF1400C34980 /* ConnectionsLoadingView.swift in Sources */ = {isa = PBXBuildFile; fileRef = 285DFB951C52DF1400C34980 /* ConnectionsLoadingView.swift */; };
		285DFB9A1C54184B00C34980 /* NSImage+CropToSquare.swift in Sources */ = {isa = PBXBuildFile; fileRef = 285DFB991C54184B00C34980 /* NSImage+CropToSquare.swift */; };
		285DFB9C1C5446F000C34980 /* PeachComposeTextView.swift in Sources */ = {isa = PBXBuildFile; fileRef = 285DFB9B1C5446F000C34980 /* PeachComposeTextView.swift */; };
		28630CB91C4B151C002906F3 /* String+EstimatedHeight.swift in Sources */ = {isa = PBXBuildFile; fileRef = 28630CB81C4B151C002906F3 /* String+EstimatedHeight.swift */; };
		2867DC261C5CF78200FC0355 /* GIFPlayer.swift in Sources */ = {isa = PBXBuildFile; fileRef = 2867DC251C5CF78200FC0355 /* GIFPlayer.swift */; };
		2868BC711C499278007A01B7 /* StreamHeaderView.swift in Sources */ = {isa = PBXBuildFile; fileRef = 2868BC701C499278007A01B7 /* StreamHeaderView.swift */; };
		286CBA3B1C491B3500D3B902 /* GiphyKit.h in Headers */ = {isa = PBXBuildFile; fileRef = 286CBA3A1C491B3500D3B902 /* GiphyKit.h */; settings = {ATTRIBUTES = (Public, ); }; };
		286CBA3F1C491B3500D3B902 /* GiphyKit.framework in Frameworks */ = {isa = PBXBuildFile; fileRef = 286CBA381C491B3500D3B902 /* GiphyKit.framework */; };
		286CBA401C491B3500D3B902 /* GiphyKit.framework in Embed Frameworks */ = {isa = PBXBuildFile; fileRef = 286CBA381C491B3500D3B902 /* GiphyKit.framework */; settings = {ATTRIBUTES = (CodeSignOnCopy, RemoveHeadersOnCopy, ); }; };
		286CBA451C491B5500D3B902 /* Giphy.swift in Sources */ = {isa = PBXBuildFile; fileRef = 286CBA441C491B5500D3B902 /* Giphy.swift */; };
		286CBA481C491EAA00D3B902 /* GIF.swift in Sources */ = {isa = PBXBuildFile; fileRef = 286CBA471C491EAA00D3B902 /* GIF.swift */; };
		286CBA4A1C49209B00D3B902 /* GiphyImage.swift in Sources */ = {isa = PBXBuildFile; fileRef = 286CBA491C49209B00D3B902 /* GiphyImage.swift */; };
		286CBA4C1C49225200D3B902 /* API.swift in Sources */ = {isa = PBXBuildFile; fileRef = 286CBA4B1C49225200D3B902 /* API.swift */; };
		2874F71D1C42D3FA00D06D34 /* User.swift in Sources */ = {isa = PBXBuildFile; fileRef = 2874F71C1C42D3FA00D06D34 /* User.swift */; };
		2874F7201C42D73400D06D34 /* LoginViewController.swift in Sources */ = {isa = PBXBuildFile; fileRef = 2874F71F1C42D73400D06D34 /* LoginViewController.swift */; };
		2874F7221C42DC9700D06D34 /* API.swift in Sources */ = {isa = PBXBuildFile; fileRef = 2874F7211C42DC9700D06D34 /* API.swift */; };
		2874F7261C42E57700D06D34 /* LoginView.swift in Sources */ = {isa = PBXBuildFile; fileRef = 2874F7251C42E57700D06D34 /* LoginView.swift */; };
		2874F72F1C42E9BB00D06D34 /* LoginButton.swift in Sources */ = {isa = PBXBuildFile; fileRef = 2874F72E1C42E9BB00D06D34 /* LoginButton.swift */; };
		2874F7311C42EE5800D06D34 /* LoginTextField.swift in Sources */ = {isa = PBXBuildFile; fileRef = 2874F7301C42EE5800D06D34 /* LoginTextField.swift */; };
		2874F7331C42F13C00D06D34 /* LoginTextFieldCell.swift in Sources */ = {isa = PBXBuildFile; fileRef = 2874F7321C42F13C00D06D34 /* LoginTextFieldCell.swift */; };
		2874F7381C42FF7B00D06D34 /* Stream.swift in Sources */ = {isa = PBXBuildFile; fileRef = 2874F7371C42FF7B00D06D34 /* Stream.swift */; };
		2879B8831C4C1BA600BC7058 /* TextMessage.swift in Sources */ = {isa = PBXBuildFile; fileRef = 2879B8821C4C1BA600BC7058 /* TextMessage.swift */; };
		2879B8851C4C1C1D00BC7058 /* ImageMessage.swift in Sources */ = {isa = PBXBuildFile; fileRef = 2879B8841C4C1C1D00BC7058 /* ImageMessage.swift */; };
		2884D1981C653CCF00035B82 /* NSImageView+Transition.swift in Sources */ = {isa = PBXBuildFile; fileRef = 2884D1971C653CCF00035B82 /* NSImageView+Transition.swift */; };
		2884D19E1C65706800035B82 /* PushSegue.swift in Sources */ = {isa = PBXBuildFile; fileRef = 2884D19D1C65706800035B82 /* PushSegue.swift */; };
		288946201C690BF1005253CB /* LocationManager.swift in Sources */ = {isa = PBXBuildFile; fileRef = 2889461F1C690BF1005253CB /* LocationManager.swift */; };
		288D9B4A1C597584008F6608 /* Login.xib in Resources */ = {isa = PBXBuildFile; fileRef = 288D9B491C597584008F6608 /* Login.xib */; };
		288D9B4C1C5976F9008F6608 /* AvatarView.swift in Sources */ = {isa = PBXBuildFile; fileRef = 288D9B4B1C5976F8008F6608 /* AvatarView.swift */; };
		288D9B4E1C597768008F6608 /* +MoveButtons.swift in Sources */ = {isa = PBXBuildFile; fileRef = 288D9B4D1C597768008F6608 /* +MoveButtons.swift */; };
		288D9B511C5977D8008F6608 /* +LoginView.swift in Sources */ = {isa = PBXBuildFile; fileRef = 288D9B501C5977D8008F6608 /* +LoginView.swift */; };
		288D9B531C5A4197008F6608 /* NSView+HideWithAnimation.swift in Sources */ = {isa = PBXBuildFile; fileRef = 288D9B521C5A4197008F6608 /* NSView+HideWithAnimation.swift */; };
		2899A75D1C558DD30045C4F9 /* PeachToolbarViewController.swift in Sources */ = {isa = PBXBuildFile; fileRef = 2899A75C1C558DD30045C4F9 /* PeachToolbarViewController.swift */; };
		2899A75F1C558DE00045C4F9 /* PeachToolbarView.swift in Sources */ = {isa = PBXBuildFile; fileRef = 2899A75E1C558DE00045C4F9 /* PeachToolbarView.swift */; };
		289D3F0D1C4C261300E96321 /* VideoMessage.swift in Sources */ = {isa = PBXBuildFile; fileRef = 289D3F0C1C4C261300E96321 /* VideoMessage.swift */; };
		289D3F0F1C4C296100E96321 /* MusicMessage.swift in Sources */ = {isa = PBXBuildFile; fileRef = 289D3F0E1C4C296100E96321 /* MusicMessage.swift */; };
		289D3F111C4C2CC300E96321 /* LocationMessage.swift in Sources */ = {isa = PBXBuildFile; fileRef = 289D3F101C4C2CC300E96321 /* LocationMessage.swift */; };
		289D3F131C4C314600E96321 /* LinkMessage.swift in Sources */ = {isa = PBXBuildFile; fileRef = 289D3F121C4C314600E96321 /* LinkMessage.swift */; };
		28A1DA6A1C456B18004198A0 /* PeachContainerViewController.swift in Sources */ = {isa = PBXBuildFile; fileRef = 28A1DA691C456B18004198A0 /* PeachContainerViewController.swift */; };
		28A1DA6E1C4570E7004198A0 /* ComposeViewController.swift in Sources */ = {isa = PBXBuildFile; fileRef = 28A1DA6C1C4570E7004198A0 /* ComposeViewController.swift */; };
		28A1DA721C457165004198A0 /* PeachViewController.swift in Sources */ = {isa = PBXBuildFile; fileRef = 28A1DA701C457165004198A0 /* PeachViewController.swift */; };
		28A8C0311C457F1F006DA6FC /* ComposeWindowController.swift in Sources */ = {isa = PBXBuildFile; fileRef = 28A8C0301C457F1F006DA6FC /* ComposeWindowController.swift */; };
		28A8C0331C45AD01006DA6FC /* PeachTabViewController.swift in Sources */ = {isa = PBXBuildFile; fileRef = 28A8C0321C45AD01006DA6FC /* PeachTabViewController.swift */; };
		28BE2CD01C615A37006A4392 /* NSAttributedString+RemoveLastWord.swift in Sources */ = {isa = PBXBuildFile; fileRef = 28BE2CCF1C615A37006A4392 /* NSAttributedString+RemoveLastWord.swift */; };
		28BE2CD31C628D74006A4392 /* PeachTextOptionsAttachment.swift in Sources */ = {isa = PBXBuildFile; fileRef = 28BE2CD21C628D74006A4392 /* PeachTextOptionsAttachment.swift */; };
		28BE2CD51C628D89006A4392 /* PeachTextOptionsAttachmentCell.swift in Sources */ = {isa = PBXBuildFile; fileRef = 28BE2CD41C628D89006A4392 /* PeachTextOptionsAttachmentCell.swift */; };
		28BE2CD71C629AA2006A4392 /* AttachmentButtonCell.swift in Sources */ = {isa = PBXBuildFile; fileRef = 28BE2CD61C629AA2006A4392 /* AttachmentButtonCell.swift */; };
		28C7A1E01C4830DE004D8FD0 /* FriendRequest.swift in Sources */ = {isa = PBXBuildFile; fileRef = 28C7A1DF1C4830DE004D8FD0 /* FriendRequest.swift */; };
		28C7A1E21C485396004D8FD0 /* ConnectionsCollectionViewController.swift in Sources */ = {isa = PBXBuildFile; fileRef = 28C7A1E11C485396004D8FD0 /* ConnectionsCollectionViewController.swift */; };
		28C7A1E41C485702004D8FD0 /* ConnectionCollectionViewItem.swift in Sources */ = {isa = PBXBuildFile; fileRef = 28C7A1E31C485702004D8FD0 /* ConnectionCollectionViewItem.swift */; };
		28C7A1E81C485B78004D8FD0 /* ConnectionCollectionViewItem.xib in Resources */ = {isa = PBXBuildFile; fileRef = 28C7A1E71C485B78004D8FD0 /* ConnectionCollectionViewItem.xib */; };
		28C7A1EA1C485FF3004D8FD0 /* ConnectionCell.swift in Sources */ = {isa = PBXBuildFile; fileRef = 28C7A1E91C485FF3004D8FD0 /* ConnectionCell.swift */; };
		28C7A1EC1C4863E3004D8FD0 /* NSColor+CustomColors.swift in Sources */ = {isa = PBXBuildFile; fileRef = 28C7A1EB1C4863E3004D8FD0 /* NSColor+CustomColors.swift */; };
		28CC1E541C5E9F53001DD6EC /* MagicButton.swift in Sources */ = {isa = PBXBuildFile; fileRef = 28CC1E531C5E9F53001DD6EC /* MagicButton.swift */; };
		28CC1E5C1C5ECAA6001DD6EC /* PeachTextAttachment.swift in Sources */ = {isa = PBXBuildFile; fileRef = 28CC1E5B1C5ECAA6001DD6EC /* PeachTextAttachment.swift */; };
		28CC1E5F1C5ECE49001DD6EC /* PeachTextAttachmentCell.swift in Sources */ = {isa = PBXBuildFile; fileRef = 28CC1E5E1C5ECE49001DD6EC /* PeachTextAttachmentCell.swift */; };
		28CC1E611C5ED56C001DD6EC /* NSDate+ConvenienceMethods.swift in Sources */ = {isa = PBXBuildFile; fileRef = 28CC1E601C5ED56B001DD6EC /* NSDate+ConvenienceMethods.swift */; };
		28D6FA161C56EFC200CCC319 /* MainWindowController.swift in Sources */ = {isa = PBXBuildFile; fileRef = 28D6FA151C56EFC200CCC319 /* MainWindowController.swift */; };
		28DBACFF1C43055F00CC66CB /* ConnectionsView.swift in Sources */ = {isa = PBXBuildFile; fileRef = 28DBACFE1C43055F00CC66CB /* ConnectionsView.swift */; };
		28DBAD031C430BA800CC66CB /* Post.swift in Sources */ = {isa = PBXBuildFile; fileRef = 28DBAD021C430BA800CC66CB /* Post.swift */; };
		28DBAD051C430CB700CC66CB /* Comment.swift in Sources */ = {isa = PBXBuildFile; fileRef = 28DBAD041C430CB700CC66CB /* Comment.swift */; };
		28DBAD071C430CD900CC66CB /* Message.swift in Sources */ = {isa = PBXBuildFile; fileRef = 28DBAD061C430CD900CC66CB /* Message.swift */; };
		28EF93A01C66267D0073C5FB /* NSTextAttachment+AttributedString.swift in Sources */ = {isa = PBXBuildFile; fileRef = 28EF939F1C66267D0073C5FB /* NSTextAttachment+AttributedString.swift */; };
		28EF93A41C66320B0073C5FB /* GameSearch.swift in Sources */ = {isa = PBXBuildFile; fileRef = 28EF93A31C66320B0073C5FB /* GameSearch.swift */; };
		28EF93BA1C6687670073C5FB /* WeatherAttachmentHandler.swift in Sources */ = {isa = PBXBuildFile; fileRef = 28EF93B91C6687670073C5FB /* WeatherAttachmentHandler.swift */; };
		28EF93BC1C6687990073C5FB /* DeferredAttachmentHandler.swift in Sources */ = {isa = PBXBuildFile; fileRef = 28EF93BB1C6687990073C5FB /* DeferredAttachmentHandler.swift */; };
		28EF93BE1C6688750073C5FB /* DeferredAttachmentDelegate.swift in Sources */ = {isa = PBXBuildFile; fileRef = 28EF93BD1C6688750073C5FB /* DeferredAttachmentDelegate.swift */; };
		2D71EE244C17D63F4EFB25CC /* Pods_GiphyKit.framework in Frameworks */ = {isa = PBXBuildFile; fileRef = 9AD8ED98CC3162765C81FD46 /* Pods_GiphyKit.framework */; };
		4DA2601533C28E980B96A863 /* Pods_Peach.framework in Frameworks */ = {isa = PBXBuildFile; fileRef = 29E22E0C5D18D00CEFEECF45 /* Pods_Peach.framework */; };
		9FFD3FF434E1B26138D76ECB /* Pods_ImgurKit.framework in Frameworks */ = {isa = PBXBuildFile; fileRef = 94AD6CE16186EDA6D97F0AA6 /* Pods_ImgurKit.framework */; };
		D87C12684BE7DD5934FC2E85 /* Pods_PeachKit.framework in Frameworks */ = {isa = PBXBuildFile; fileRef = A4C1416E93ADBA91CBFC1592 /* Pods_PeachKit.framework */; };
/* End PBXBuildFile section */

/* Begin PBXContainerItemProxy section */
		282D92DB1C42CDD900B83109 /* PBXContainerItemProxy */ = {
			isa = PBXContainerItemProxy;
			containerPortal = 282D92B71C42CCAF00B83109 /* Project object */;
			proxyType = 1;
			remoteGlobalIDString = 282D92D51C42CDD800B83109;
			remoteInfo = PeachKit;
		};
		2833B0AE1C54FE2D00E945A5 /* PBXContainerItemProxy */ = {
			isa = PBXContainerItemProxy;
			containerPortal = 282D92B71C42CCAF00B83109 /* Project object */;
			proxyType = 1;
			remoteGlobalIDString = 2833B0A81C54FE2D00E945A5;
			remoteInfo = ImgurKit;
		};
		286CBA3D1C491B3500D3B902 /* PBXContainerItemProxy */ = {
			isa = PBXContainerItemProxy;
			containerPortal = 282D92B71C42CCAF00B83109 /* Project object */;
			proxyType = 1;
			remoteGlobalIDString = 286CBA371C491B3500D3B902;
			remoteInfo = GiphyKit;
		};
/* End PBXContainerItemProxy section */

/* Begin PBXCopyFilesBuildPhase section */
		282D92E21C42CDD900B83109 /* Embed Frameworks */ = {
			isa = PBXCopyFilesBuildPhase;
			buildActionMask = 2147483647;
			dstPath = "";
			dstSubfolderSpec = 10;
			files = (
				2833B0B11C54FE2D00E945A5 /* ImgurKit.framework in Embed Frameworks */,
				282D92DE1C42CDD900B83109 /* PeachKit.framework in Embed Frameworks */,
				286CBA401C491B3500D3B902 /* GiphyKit.framework in Embed Frameworks */,
			);
			name = "Embed Frameworks";
			runOnlyForDeploymentPostprocessing = 0;
		};
/* End PBXCopyFilesBuildPhase section */

/* Begin PBXFileReference section */
		213A6028654D68E8497E096D /* Pods-ImgurKit.debug.xcconfig */ = {isa = PBXFileReference; includeInIndex = 1; lastKnownFileType = text.xcconfig; name = "Pods-ImgurKit.debug.xcconfig"; path = "Pods/Target Support Files/Pods-ImgurKit/Pods-ImgurKit.debug.xcconfig"; sourceTree = "<group>"; };
		281227211C5D902300128D00 /* LoginSecureTextFieldCell.swift */ = {isa = PBXFileReference; fileEncoding = 4; lastKnownFileType = sourcecode.swift; path = LoginSecureTextFieldCell.swift; sourceTree = "<group>"; };
		281227231C5D905200128D00 /* LoginSecureTextField.swift */ = {isa = PBXFileReference; fileEncoding = 4; lastKnownFileType = sourcecode.swift; path = LoginSecureTextField.swift; sourceTree = "<group>"; };
		281227281C5D961900128D00 /* LoginButtonCell.swift */ = {isa = PBXFileReference; fileEncoding = 4; lastKnownFileType = sourcecode.swift; path = LoginButtonCell.swift; sourceTree = "<group>"; };
		2812272B1C5E644000128D00 /* ComposeToolbarViewController.swift */ = {isa = PBXFileReference; fileEncoding = 4; lastKnownFileType = sourcecode.swift; path = ComposeToolbarViewController.swift; sourceTree = "<group>"; };
		2812272D1C5E644E00128D00 /* ComposeToolbarView.swift */ = {isa = PBXFileReference; fileEncoding = 4; lastKnownFileType = sourcecode.swift; path = ComposeToolbarView.swift; sourceTree = "<group>"; };
		281227331C5E752800128D00 /* ComposeViewController+MoveButtons.swift */ = {isa = PBXFileReference; fileEncoding = 4; lastKnownFileType = sourcecode.swift; path = "ComposeViewController+MoveButtons.swift"; sourceTree = "<group>"; };
		281227371C5E770B00128D00 /* ComposeViewController+NSTextStorageDelegate.swift */ = {isa = PBXFileReference; fileEncoding = 4; lastKnownFileType = sourcecode.swift; path = "ComposeViewController+NSTextStorageDelegate.swift"; sourceTree = "<group>"; };
		2827492C1C66B13700A8F282 /* SongAttachment.swift */ = {isa = PBXFileReference; fileEncoding = 4; lastKnownFileType = sourcecode.swift; path = SongAttachment.swift; sourceTree = "<group>"; };
		282829758513A60968535014 /* Pods-GiphyKit.debug.xcconfig */ = {isa = PBXFileReference; includeInIndex = 1; lastKnownFileType = text.xcconfig; name = "Pods-GiphyKit.debug.xcconfig"; path = "Pods/Target Support Files/Pods-GiphyKit/Pods-GiphyKit.debug.xcconfig"; sourceTree = "<group>"; };
		282CA58B1C45C3A50075AE9A /* StreamViewController.swift */ = {isa = PBXFileReference; fileEncoding = 4; lastKnownFileType = sourcecode.swift; path = StreamViewController.swift; sourceTree = "<group>"; };
		282D92BF1C42CCAF00B83109 /* Peach.app */ = {isa = PBXFileReference; explicitFileType = wrapper.application; includeInIndex = 0; path = Peach.app; sourceTree = BUILT_PRODUCTS_DIR; };
		282D92C21C42CCAF00B83109 /* AppDelegate.swift */ = {isa = PBXFileReference; lastKnownFileType = sourcecode.swift; path = AppDelegate.swift; sourceTree = "<group>"; };
		282D92C61C42CCAF00B83109 /* Assets.xcassets */ = {isa = PBXFileReference; lastKnownFileType = folder.assetcatalog; path = Assets.xcassets; sourceTree = "<group>"; };
		282D92C91C42CCAF00B83109 /* Base */ = {isa = PBXFileReference; lastKnownFileType = file.storyboard; name = Base; path = Base.lproj/Main.storyboard; sourceTree = "<group>"; };
		282D92CB1C42CCAF00B83109 /* Info.plist */ = {isa = PBXFileReference; lastKnownFileType = text.plist.xml; path = Info.plist; sourceTree = "<group>"; };
		282D92D61C42CDD800B83109 /* PeachKit.framework */ = {isa = PBXFileReference; explicitFileType = wrapper.framework; includeInIndex = 0; path = PeachKit.framework; sourceTree = BUILT_PRODUCTS_DIR; };
		282D92D81C42CDD900B83109 /* PeachKit.h */ = {isa = PBXFileReference; lastKnownFileType = sourcecode.c.h; path = PeachKit.h; sourceTree = "<group>"; };
		282D92DA1C42CDD900B83109 /* Info.plist */ = {isa = PBXFileReference; lastKnownFileType = text.plist.xml; path = Info.plist; sourceTree = "<group>"; };
		282D92E31C42CDE600B83109 /* Peach.swift */ = {isa = PBXFileReference; fileEncoding = 4; lastKnownFileType = sourcecode.swift; path = Peach.swift; sourceTree = "<group>"; };
		282D92E61C42D08F00B83109 /* Activity.swift */ = {isa = PBXFileReference; fileEncoding = 4; lastKnownFileType = sourcecode.swift; path = Activity.swift; sourceTree = "<group>"; };
		282DD0B01C5ACA1B004AE18D /* PostActionsView.swift */ = {isa = PBXFileReference; fileEncoding = 4; lastKnownFileType = sourcecode.swift; path = PostActionsView.swift; sourceTree = "<group>"; };
		2833B0A91C54FE2D00E945A5 /* ImgurKit.framework */ = {isa = PBXFileReference; explicitFileType = wrapper.framework; includeInIndex = 0; path = ImgurKit.framework; sourceTree = BUILT_PRODUCTS_DIR; };
		2833B0AB1C54FE2D00E945A5 /* ImgurKit.h */ = {isa = PBXFileReference; lastKnownFileType = sourcecode.c.h; path = ImgurKit.h; sourceTree = "<group>"; };
		2833B0AD1C54FE2D00E945A5 /* Info.plist */ = {isa = PBXFileReference; lastKnownFileType = text.plist.xml; path = Info.plist; sourceTree = "<group>"; };
		2833B0B51C55000500E945A5 /* Imgur.swift */ = {isa = PBXFileReference; fileEncoding = 4; lastKnownFileType = sourcecode.swift; path = Imgur.swift; sourceTree = "<group>"; };
		2833B0B71C5500C900E945A5 /* Upload.swift */ = {isa = PBXFileReference; fileEncoding = 4; lastKnownFileType = sourcecode.swift; path = Upload.swift; sourceTree = "<group>"; };
		2833B0B91C55011900E945A5 /* API.swift */ = {isa = PBXFileReference; fileEncoding = 4; lastKnownFileType = sourcecode.swift; path = API.swift; sourceTree = "<group>"; };
		284F9EE61C66127C00BAB6C5 /* MagicInputViewController.swift */ = {isa = PBXFileReference; fileEncoding = 4; lastKnownFileType = sourcecode.swift; path = MagicInputViewController.swift; sourceTree = "<group>"; };
		284F9EE91C66154A00BAB6C5 /* BatteryAttachment.swift */ = {isa = PBXFileReference; fileEncoding = 4; lastKnownFileType = sourcecode.swift; path = BatteryAttachment.swift; sourceTree = "<group>"; };
		284F9EEC1C66167800BAB6C5 /* DiceAttachment.swift */ = {isa = PBXFileReference; fileEncoding = 4; lastKnownFileType = sourcecode.swift; path = DiceAttachment.swift; sourceTree = "<group>"; };
		284F9EEF1C6616EC00BAB6C5 /* TimeAttachment.swift */ = {isa = PBXFileReference; fileEncoding = 4; lastKnownFileType = sourcecode.swift; path = TimeAttachment.swift; sourceTree = "<group>"; };
		284F9EF21C66173B00BAB6C5 /* DateAttachment.swift */ = {isa = PBXFileReference; fileEncoding = 4; lastKnownFileType = sourcecode.swift; path = DateAttachment.swift; sourceTree = "<group>"; };
		284F9EF51C6617CB00BAB6C5 /* MoodAttachment.swift */ = {isa = PBXFileReference; fileEncoding = 4; lastKnownFileType = sourcecode.swift; path = MoodAttachment.swift; sourceTree = "<group>"; };
		284F9EF81C66185600BAB6C5 /* RatingAttachment.swift */ = {isa = PBXFileReference; fileEncoding = 4; lastKnownFileType = sourcecode.swift; path = RatingAttachment.swift; sourceTree = "<group>"; };
		284F9EFB1C6618AB00BAB6C5 /* GoodMorningAttachment.swift */ = {isa = PBXFileReference; fileEncoding = 4; lastKnownFileType = sourcecode.swift; path = GoodMorningAttachment.swift; sourceTree = "<group>"; };
		284F9EFE1C6618FA00BAB6C5 /* GoodNightAttachment.swift */ = {isa = PBXFileReference; fileEncoding = 4; lastKnownFileType = sourcecode.swift; path = GoodNightAttachment.swift; sourceTree = "<group>"; };
		284F9F001C661D0300BAB6C5 /* GIFSearch.swift */ = {isa = PBXFileReference; fileEncoding = 4; lastKnownFileType = sourcecode.swift; path = GIFSearch.swift; sourceTree = "<group>"; };
		284F9F041C66231000BAB6C5 /* MagicInputHandler.swift */ = {isa = PBXFileReference; fileEncoding = 4; lastKnownFileType = sourcecode.swift; path = MagicInputHandler.swift; sourceTree = "<group>"; };
		284F9F061C6625AB00BAB6C5 /* ComposeViewController+DeferredAttachmentDelegate.swift */ = {isa = PBXFileReference; fileEncoding = 4; lastKnownFileType = sourcecode.swift; path = "ComposeViewController+DeferredAttachmentDelegate.swift"; sourceTree = "<group>"; };
		28515A881C49CD1500F0ABE8 /* PostTextItem.xib */ = {isa = PBXFileReference; fileEncoding = 4; lastKnownFileType = file.xib; path = PostTextItem.xib; sourceTree = "<group>"; };
		28515A8C1C49CE4900F0ABE8 /* PostImageItem.xib */ = {isa = PBXFileReference; fileEncoding = 4; lastKnownFileType = file.xib; path = PostImageItem.xib; sourceTree = "<group>"; };
		28515A8E1C49CE5A00F0ABE8 /* PostImageItem.swift */ = {isa = PBXFileReference; fileEncoding = 4; lastKnownFileType = sourcecode.swift; path = PostImageItem.swift; sourceTree = "<group>"; };
		28515A911C49D04A00F0ABE8 /* PostTextCollectionViewItem.swift */ = {isa = PBXFileReference; fileEncoding = 4; lastKnownFileType = sourcecode.swift; path = PostTextCollectionViewItem.swift; sourceTree = "<group>"; };
		28515A9B1C4AC81D00F0ABE8 /* PostGIFItem.xib */ = {isa = PBXFileReference; fileEncoding = 4; lastKnownFileType = file.xib; path = PostGIFItem.xib; sourceTree = "<group>"; };
		28515A9D1C4AC84700F0ABE8 /* PostGIFItem.swift */ = {isa = PBXFileReference; fileEncoding = 4; lastKnownFileType = sourcecode.swift; path = PostGIFItem.swift; sourceTree = "<group>"; };
		28515AA01C4ADF1D00F0ABE8 /* PostActionsItem.xib */ = {isa = PBXFileReference; fileEncoding = 4; lastKnownFileType = file.xib; path = PostActionsItem.xib; sourceTree = "<group>"; };
		28515AA21C4AE02000F0ABE8 /* PostActionsItem.swift */ = {isa = PBXFileReference; fileEncoding = 4; lastKnownFileType = sourcecode.swift; path = PostActionsItem.swift; sourceTree = "<group>"; };
		2856A0A11C5D5EDC00B2BB21 /* ActivityViewController.swift */ = {isa = PBXFileReference; fileEncoding = 4; lastKnownFileType = sourcecode.swift; path = ActivityViewController.swift; sourceTree = "<group>"; };
		285DFB7A1C518DF600C34980 /* StreamCollectionViewDelegate.swift */ = {isa = PBXFileReference; fileEncoding = 4; lastKnownFileType = sourcecode.swift; path = StreamCollectionViewDelegate.swift; sourceTree = "<group>"; };
		285DFB7D1C518F4F00C34980 /* PostVideoItem.xib */ = {isa = PBXFileReference; fileEncoding = 4; lastKnownFileType = file.xib; path = PostVideoItem.xib; sourceTree = "<group>"; };
		285DFB7F1C518FA400C34980 /* PostVideoItem.swift */ = {isa = PBXFileReference; fileEncoding = 4; lastKnownFileType = sourcecode.swift; path = PostVideoItem.swift; sourceTree = "<group>"; };
		285DFB821C52C23E00C34980 /* PostLocationItem.swift */ = {isa = PBXFileReference; fileEncoding = 4; lastKnownFileType = sourcecode.swift; path = PostLocationItem.swift; sourceTree = "<group>"; };
		285DFB831C52C23E00C34980 /* PostLocationItem.xib */ = {isa = PBXFileReference; fileEncoding = 4; lastKnownFileType = file.xib; path = PostLocationItem.xib; sourceTree = "<group>"; };
		285DFB871C52C31900C34980 /* PostLinkItem.swift */ = {isa = PBXFileReference; fileEncoding = 4; lastKnownFileType = sourcecode.swift; path = PostLinkItem.swift; sourceTree = "<group>"; };
		285DFB881C52C31900C34980 /* PostLinkItem.xib */ = {isa = PBXFileReference; fileEncoding = 4; lastKnownFileType = file.xib; path = PostLinkItem.xib; sourceTree = "<group>"; };
		285DFB8D1C52D7F500C34980 /* PeachPlayerView.swift */ = {isa = PBXFileReference; fileEncoding = 4; lastKnownFileType = sourcecode.swift; path = PeachPlayerView.swift; sourceTree = "<group>"; };
		285DFB951C52DF1400C34980 /* ConnectionsLoadingView.swift */ = {isa = PBXFileReference; fileEncoding = 4; lastKnownFileType = sourcecode.swift; path = ConnectionsLoadingView.swift; sourceTree = "<group>"; };
		285DFB991C54184B00C34980 /* NSImage+CropToSquare.swift */ = {isa = PBXFileReference; fileEncoding = 4; lastKnownFileType = sourcecode.swift; path = "NSImage+CropToSquare.swift"; sourceTree = "<group>"; };
		285DFB9B1C5446F000C34980 /* PeachComposeTextView.swift */ = {isa = PBXFileReference; fileEncoding = 4; lastKnownFileType = sourcecode.swift; path = PeachComposeTextView.swift; sourceTree = "<group>"; };
		28630CB81C4B151C002906F3 /* String+EstimatedHeight.swift */ = {isa = PBXFileReference; fileEncoding = 4; lastKnownFileType = sourcecode.swift; path = "String+EstimatedHeight.swift"; sourceTree = "<group>"; };
		2867DC251C5CF78200FC0355 /* GIFPlayer.swift */ = {isa = PBXFileReference; fileEncoding = 4; lastKnownFileType = sourcecode.swift; path = GIFPlayer.swift; sourceTree = "<group>"; };
		2868BC701C499278007A01B7 /* StreamHeaderView.swift */ = {isa = PBXFileReference; fileEncoding = 4; lastKnownFileType = sourcecode.swift; path = StreamHeaderView.swift; sourceTree = "<group>"; };
		286CBA381C491B3500D3B902 /* GiphyKit.framework */ = {isa = PBXFileReference; explicitFileType = wrapper.framework; includeInIndex = 0; path = GiphyKit.framework; sourceTree = BUILT_PRODUCTS_DIR; };
		286CBA3A1C491B3500D3B902 /* GiphyKit.h */ = {isa = PBXFileReference; lastKnownFileType = sourcecode.c.h; path = GiphyKit.h; sourceTree = "<group>"; };
		286CBA3C1C491B3500D3B902 /* Info.plist */ = {isa = PBXFileReference; lastKnownFileType = text.plist.xml; path = Info.plist; sourceTree = "<group>"; };
		286CBA441C491B5500D3B902 /* Giphy.swift */ = {isa = PBXFileReference; fileEncoding = 4; lastKnownFileType = sourcecode.swift; path = Giphy.swift; sourceTree = "<group>"; };
		286CBA471C491EAA00D3B902 /* GIF.swift */ = {isa = PBXFileReference; fileEncoding = 4; lastKnownFileType = sourcecode.swift; path = GIF.swift; sourceTree = "<group>"; };
		286CBA491C49209B00D3B902 /* GiphyImage.swift */ = {isa = PBXFileReference; fileEncoding = 4; lastKnownFileType = sourcecode.swift; path = GiphyImage.swift; sourceTree = "<group>"; };
		286CBA4B1C49225200D3B902 /* API.swift */ = {isa = PBXFileReference; fileEncoding = 4; lastKnownFileType = sourcecode.swift; path = API.swift; sourceTree = "<group>"; };
		2874F71C1C42D3FA00D06D34 /* User.swift */ = {isa = PBXFileReference; fileEncoding = 4; lastKnownFileType = sourcecode.swift; path = User.swift; sourceTree = "<group>"; };
		2874F71F1C42D73400D06D34 /* LoginViewController.swift */ = {isa = PBXFileReference; fileEncoding = 4; lastKnownFileType = sourcecode.swift; path = LoginViewController.swift; sourceTree = "<group>"; };
		2874F7211C42DC9700D06D34 /* API.swift */ = {isa = PBXFileReference; fileEncoding = 4; lastKnownFileType = sourcecode.swift; path = API.swift; sourceTree = "<group>"; };
		2874F7251C42E57700D06D34 /* LoginView.swift */ = {isa = PBXFileReference; fileEncoding = 4; lastKnownFileType = sourcecode.swift; path = LoginView.swift; sourceTree = "<group>"; };
		2874F72E1C42E9BB00D06D34 /* LoginButton.swift */ = {isa = PBXFileReference; fileEncoding = 4; lastKnownFileType = sourcecode.swift; path = LoginButton.swift; sourceTree = "<group>"; };
		2874F7301C42EE5800D06D34 /* LoginTextField.swift */ = {isa = PBXFileReference; fileEncoding = 4; lastKnownFileType = sourcecode.swift; path = LoginTextField.swift; sourceTree = "<group>"; };
		2874F7321C42F13C00D06D34 /* LoginTextFieldCell.swift */ = {isa = PBXFileReference; fileEncoding = 4; lastKnownFileType = sourcecode.swift; path = LoginTextFieldCell.swift; sourceTree = "<group>"; };
		2874F7341C42F93900D06D34 /* Peach.entitlements */ = {isa = PBXFileReference; lastKnownFileType = text.xml; path = Peach.entitlements; sourceTree = "<group>"; };
		2874F7371C42FF7B00D06D34 /* Stream.swift */ = {isa = PBXFileReference; fileEncoding = 4; lastKnownFileType = sourcecode.swift; path = Stream.swift; sourceTree = "<group>"; };
		2879B8821C4C1BA600BC7058 /* TextMessage.swift */ = {isa = PBXFileReference; fileEncoding = 4; lastKnownFileType = sourcecode.swift; path = TextMessage.swift; sourceTree = "<group>"; };
		2879B8841C4C1C1D00BC7058 /* ImageMessage.swift */ = {isa = PBXFileReference; fileEncoding = 4; lastKnownFileType = sourcecode.swift; path = ImageMessage.swift; sourceTree = "<group>"; };
		2884D1971C653CCF00035B82 /* NSImageView+Transition.swift */ = {isa = PBXFileReference; fileEncoding = 4; lastKnownFileType = sourcecode.swift; path = "NSImageView+Transition.swift"; sourceTree = "<group>"; };
		2884D19D1C65706800035B82 /* PushSegue.swift */ = {isa = PBXFileReference; fileEncoding = 4; lastKnownFileType = sourcecode.swift; path = PushSegue.swift; sourceTree = "<group>"; };
		2889461F1C690BF1005253CB /* LocationManager.swift */ = {isa = PBXFileReference; fileEncoding = 4; lastKnownFileType = sourcecode.swift; path = LocationManager.swift; sourceTree = "<group>"; };
		288D9B491C597584008F6608 /* Login.xib */ = {isa = PBXFileReference; fileEncoding = 4; lastKnownFileType = file.xib; path = Login.xib; sourceTree = "<group>"; };
		288D9B4B1C5976F8008F6608 /* AvatarView.swift */ = {isa = PBXFileReference; fileEncoding = 4; lastKnownFileType = sourcecode.swift; path = AvatarView.swift; sourceTree = "<group>"; };
		288D9B4D1C597768008F6608 /* +MoveButtons.swift */ = {isa = PBXFileReference; fileEncoding = 4; lastKnownFileType = sourcecode.swift; path = "+MoveButtons.swift"; sourceTree = "<group>"; };
		288D9B501C5977D8008F6608 /* +LoginView.swift */ = {isa = PBXFileReference; fileEncoding = 4; lastKnownFileType = sourcecode.swift; path = "+LoginView.swift"; sourceTree = "<group>"; };
		288D9B521C5A4197008F6608 /* NSView+HideWithAnimation.swift */ = {isa = PBXFileReference; fileEncoding = 4; lastKnownFileType = sourcecode.swift; path = "NSView+HideWithAnimation.swift"; sourceTree = "<group>"; };
		2899A75C1C558DD30045C4F9 /* PeachToolbarViewController.swift */ = {isa = PBXFileReference; fileEncoding = 4; lastKnownFileType = sourcecode.swift; path = PeachToolbarViewController.swift; sourceTree = "<group>"; };
		2899A75E1C558DE00045C4F9 /* PeachToolbarView.swift */ = {isa = PBXFileReference; fileEncoding = 4; lastKnownFileType = sourcecode.swift; path = PeachToolbarView.swift; sourceTree = "<group>"; };
		289D3F0C1C4C261300E96321 /* VideoMessage.swift */ = {isa = PBXFileReference; fileEncoding = 4; lastKnownFileType = sourcecode.swift; path = VideoMessage.swift; sourceTree = "<group>"; };
		289D3F0E1C4C296100E96321 /* MusicMessage.swift */ = {isa = PBXFileReference; fileEncoding = 4; lastKnownFileType = sourcecode.swift; path = MusicMessage.swift; sourceTree = "<group>"; };
		289D3F101C4C2CC300E96321 /* LocationMessage.swift */ = {isa = PBXFileReference; fileEncoding = 4; lastKnownFileType = sourcecode.swift; path = LocationMessage.swift; sourceTree = "<group>"; };
		289D3F121C4C314600E96321 /* LinkMessage.swift */ = {isa = PBXFileReference; fileEncoding = 4; lastKnownFileType = sourcecode.swift; path = LinkMessage.swift; sourceTree = "<group>"; };
		28A1DA691C456B18004198A0 /* PeachContainerViewController.swift */ = {isa = PBXFileReference; fileEncoding = 4; lastKnownFileType = sourcecode.swift; path = PeachContainerViewController.swift; sourceTree = "<group>"; };
		28A1DA6C1C4570E7004198A0 /* ComposeViewController.swift */ = {isa = PBXFileReference; fileEncoding = 4; lastKnownFileType = sourcecode.swift; path = ComposeViewController.swift; sourceTree = "<group>"; };
		28A1DA701C457165004198A0 /* PeachViewController.swift */ = {isa = PBXFileReference; fileEncoding = 4; lastKnownFileType = sourcecode.swift; path = PeachViewController.swift; sourceTree = "<group>"; };
		28A8C0301C457F1F006DA6FC /* ComposeWindowController.swift */ = {isa = PBXFileReference; fileEncoding = 4; lastKnownFileType = sourcecode.swift; path = ComposeWindowController.swift; sourceTree = "<group>"; };
		28A8C0321C45AD01006DA6FC /* PeachTabViewController.swift */ = {isa = PBXFileReference; fileEncoding = 4; lastKnownFileType = sourcecode.swift; path = PeachTabViewController.swift; sourceTree = "<group>"; };
		28BE2CCF1C615A37006A4392 /* NSAttributedString+RemoveLastWord.swift */ = {isa = PBXFileReference; fileEncoding = 4; lastKnownFileType = sourcecode.swift; path = "NSAttributedString+RemoveLastWord.swift"; sourceTree = "<group>"; };
		28BE2CD21C628D74006A4392 /* PeachTextOptionsAttachment.swift */ = {isa = PBXFileReference; fileEncoding = 4; lastKnownFileType = sourcecode.swift; path = PeachTextOptionsAttachment.swift; sourceTree = "<group>"; };
		28BE2CD41C628D89006A4392 /* PeachTextOptionsAttachmentCell.swift */ = {isa = PBXFileReference; fileEncoding = 4; lastKnownFileType = sourcecode.swift; path = PeachTextOptionsAttachmentCell.swift; sourceTree = "<group>"; };
		28BE2CD61C629AA2006A4392 /* AttachmentButtonCell.swift */ = {isa = PBXFileReference; fileEncoding = 4; lastKnownFileType = sourcecode.swift; path = AttachmentButtonCell.swift; sourceTree = "<group>"; };
		28C7A1DF1C4830DE004D8FD0 /* FriendRequest.swift */ = {isa = PBXFileReference; fileEncoding = 4; lastKnownFileType = sourcecode.swift; path = FriendRequest.swift; sourceTree = "<group>"; };
		28C7A1E11C485396004D8FD0 /* ConnectionsCollectionViewController.swift */ = {isa = PBXFileReference; fileEncoding = 4; lastKnownFileType = sourcecode.swift; path = ConnectionsCollectionViewController.swift; sourceTree = "<group>"; };
		28C7A1E31C485702004D8FD0 /* ConnectionCollectionViewItem.swift */ = {isa = PBXFileReference; fileEncoding = 4; lastKnownFileType = sourcecode.swift; path = ConnectionCollectionViewItem.swift; sourceTree = "<group>"; };
		28C7A1E71C485B78004D8FD0 /* ConnectionCollectionViewItem.xib */ = {isa = PBXFileReference; fileEncoding = 4; lastKnownFileType = file.xib; path = ConnectionCollectionViewItem.xib; sourceTree = "<group>"; };
		28C7A1E91C485FF3004D8FD0 /* ConnectionCell.swift */ = {isa = PBXFileReference; fileEncoding = 4; lastKnownFileType = sourcecode.swift; path = ConnectionCell.swift; sourceTree = "<group>"; };
		28C7A1EB1C4863E3004D8FD0 /* NSColor+CustomColors.swift */ = {isa = PBXFileReference; fileEncoding = 4; lastKnownFileType = sourcecode.swift; path = "NSColor+CustomColors.swift"; sourceTree = "<group>"; };
		28CC1E531C5E9F53001DD6EC /* MagicButton.swift */ = {isa = PBXFileReference; fileEncoding = 4; lastKnownFileType = sourcecode.swift; path = MagicButton.swift; sourceTree = "<group>"; };
		28CC1E5B1C5ECAA6001DD6EC /* PeachTextAttachment.swift */ = {isa = PBXFileReference; fileEncoding = 4; lastKnownFileType = sourcecode.swift; path = PeachTextAttachment.swift; sourceTree = "<group>"; };
		28CC1E5E1C5ECE49001DD6EC /* PeachTextAttachmentCell.swift */ = {isa = PBXFileReference; fileEncoding = 4; lastKnownFileType = sourcecode.swift; path = PeachTextAttachmentCell.swift; sourceTree = "<group>"; };
		28CC1E601C5ED56B001DD6EC /* NSDate+ConvenienceMethods.swift */ = {isa = PBXFileReference; fileEncoding = 4; lastKnownFileType = sourcecode.swift; path = "NSDate+ConvenienceMethods.swift"; sourceTree = "<group>"; };
		28D6FA151C56EFC200CCC319 /* MainWindowController.swift */ = {isa = PBXFileReference; fileEncoding = 4; lastKnownFileType = sourcecode.swift; path = MainWindowController.swift; sourceTree = "<group>"; };
		28DBACFE1C43055F00CC66CB /* ConnectionsView.swift */ = {isa = PBXFileReference; fileEncoding = 4; lastKnownFileType = sourcecode.swift; path = ConnectionsView.swift; sourceTree = "<group>"; };
		28DBAD021C430BA800CC66CB /* Post.swift */ = {isa = PBXFileReference; fileEncoding = 4; lastKnownFileType = sourcecode.swift; path = Post.swift; sourceTree = "<group>"; };
		28DBAD041C430CB700CC66CB /* Comment.swift */ = {isa = PBXFileReference; fileEncoding = 4; lastKnownFileType = sourcecode.swift; path = Comment.swift; sourceTree = "<group>"; };
		28DBAD061C430CD900CC66CB /* Message.swift */ = {isa = PBXFileReference; fileEncoding = 4; lastKnownFileType = sourcecode.swift; path = Message.swift; sourceTree = "<group>"; };
		28EF939F1C66267D0073C5FB /* NSTextAttachment+AttributedString.swift */ = {isa = PBXFileReference; fileEncoding = 4; lastKnownFileType = sourcecode.swift; path = "NSTextAttachment+AttributedString.swift"; sourceTree = "<group>"; };
		28EF93A31C66320B0073C5FB /* GameSearch.swift */ = {isa = PBXFileReference; fileEncoding = 4; lastKnownFileType = sourcecode.swift; path = GameSearch.swift; sourceTree = "<group>"; };
		28EF93B91C6687670073C5FB /* WeatherAttachmentHandler.swift */ = {isa = PBXFileReference; fileEncoding = 4; lastKnownFileType = sourcecode.swift; path = WeatherAttachmentHandler.swift; sourceTree = "<group>"; };
		28EF93BB1C6687990073C5FB /* DeferredAttachmentHandler.swift */ = {isa = PBXFileReference; fileEncoding = 4; lastKnownFileType = sourcecode.swift; path = DeferredAttachmentHandler.swift; sourceTree = "<group>"; };
		28EF93BD1C6688750073C5FB /* DeferredAttachmentDelegate.swift */ = {isa = PBXFileReference; fileEncoding = 4; lastKnownFileType = sourcecode.swift; path = DeferredAttachmentDelegate.swift; sourceTree = "<group>"; };
		29B9474D3E7C8CFB943A64C0 /* Pods-Peach.debug.xcconfig */ = {isa = PBXFileReference; includeInIndex = 1; lastKnownFileType = text.xcconfig; name = "Pods-Peach.debug.xcconfig"; path = "Pods/Target Support Files/Pods-Peach/Pods-Peach.debug.xcconfig"; sourceTree = "<group>"; };
		29E22E0C5D18D00CEFEECF45 /* Pods_Peach.framework */ = {isa = PBXFileReference; explicitFileType = wrapper.framework; includeInIndex = 0; path = Pods_Peach.framework; sourceTree = BUILT_PRODUCTS_DIR; };
		2CA88244C05E57D92E436D2C /* Pods-GiphyKit.release.xcconfig */ = {isa = PBXFileReference; includeInIndex = 1; lastKnownFileType = text.xcconfig; name = "Pods-GiphyKit.release.xcconfig"; path = "Pods/Target Support Files/Pods-GiphyKit/Pods-GiphyKit.release.xcconfig"; sourceTree = "<group>"; };
		358956CE63BB43BA3C097AB3 /* Pods-ImgurKit.release.xcconfig */ = {isa = PBXFileReference; includeInIndex = 1; lastKnownFileType = text.xcconfig; name = "Pods-ImgurKit.release.xcconfig"; path = "Pods/Target Support Files/Pods-ImgurKit/Pods-ImgurKit.release.xcconfig"; sourceTree = "<group>"; };
		94AD6CE16186EDA6D97F0AA6 /* Pods_ImgurKit.framework */ = {isa = PBXFileReference; explicitFileType = wrapper.framework; includeInIndex = 0; path = Pods_ImgurKit.framework; sourceTree = BUILT_PRODUCTS_DIR; };
		9821358EE296C7391DCEACD2 /* Pods-PeachKit.debug.xcconfig */ = {isa = PBXFileReference; includeInIndex = 1; lastKnownFileType = text.xcconfig; name = "Pods-PeachKit.debug.xcconfig"; path = "Pods/Target Support Files/Pods-PeachKit/Pods-PeachKit.debug.xcconfig"; sourceTree = "<group>"; };
		9AD8ED98CC3162765C81FD46 /* Pods_GiphyKit.framework */ = {isa = PBXFileReference; explicitFileType = wrapper.framework; includeInIndex = 0; path = Pods_GiphyKit.framework; sourceTree = BUILT_PRODUCTS_DIR; };
		9EF90352638971C5A335C842 /* Pods-PeachKit.release.xcconfig */ = {isa = PBXFileReference; includeInIndex = 1; lastKnownFileType = text.xcconfig; name = "Pods-PeachKit.release.xcconfig"; path = "Pods/Target Support Files/Pods-PeachKit/Pods-PeachKit.release.xcconfig"; sourceTree = "<group>"; };
		A4C1416E93ADBA91CBFC1592 /* Pods_PeachKit.framework */ = {isa = PBXFileReference; explicitFileType = wrapper.framework; includeInIndex = 0; path = Pods_PeachKit.framework; sourceTree = BUILT_PRODUCTS_DIR; };
		D6630702E23B1971EE74CF9E /* Pods-Peach.release.xcconfig */ = {isa = PBXFileReference; includeInIndex = 1; lastKnownFileType = text.xcconfig; name = "Pods-Peach.release.xcconfig"; path = "Pods/Target Support Files/Pods-Peach/Pods-Peach.release.xcconfig"; sourceTree = "<group>"; };
/* End PBXFileReference section */

/* Begin PBXFrameworksBuildPhase section */
		282D92BC1C42CCAF00B83109 /* Frameworks */ = {
			isa = PBXFrameworksBuildPhase;
			buildActionMask = 2147483647;
			files = (
				282D92DD1C42CDD900B83109 /* PeachKit.framework in Frameworks */,
				4DA2601533C28E980B96A863 /* Pods_Peach.framework in Frameworks */,
				2833B0B01C54FE2D00E945A5 /* ImgurKit.framework in Frameworks */,
				286CBA3F1C491B3500D3B902 /* GiphyKit.framework in Frameworks */,
			);
			runOnlyForDeploymentPostprocessing = 0;
		};
		282D92D21C42CDD800B83109 /* Frameworks */ = {
			isa = PBXFrameworksBuildPhase;
			buildActionMask = 2147483647;
			files = (
				D87C12684BE7DD5934FC2E85 /* Pods_PeachKit.framework in Frameworks */,
			);
			runOnlyForDeploymentPostprocessing = 0;
		};
		2833B0A51C54FE2D00E945A5 /* Frameworks */ = {
			isa = PBXFrameworksBuildPhase;
			buildActionMask = 2147483647;
			files = (
				9FFD3FF434E1B26138D76ECB /* Pods_ImgurKit.framework in Frameworks */,
			);
			runOnlyForDeploymentPostprocessing = 0;
		};
		286CBA341C491B3500D3B902 /* Frameworks */ = {
			isa = PBXFrameworksBuildPhase;
			buildActionMask = 2147483647;
			files = (
				2D71EE244C17D63F4EFB25CC /* Pods_GiphyKit.framework in Frameworks */,
			);
			runOnlyForDeploymentPostprocessing = 0;
		};
/* End PBXFrameworksBuildPhase section */

/* Begin PBXGroup section */
		0F5830214DA42C3866A389BF /* Pods */ = {
			isa = PBXGroup;
			children = (
				29B9474D3E7C8CFB943A64C0 /* Pods-Peach.debug.xcconfig */,
				D6630702E23B1971EE74CF9E /* Pods-Peach.release.xcconfig */,
				9821358EE296C7391DCEACD2 /* Pods-PeachKit.debug.xcconfig */,
				9EF90352638971C5A335C842 /* Pods-PeachKit.release.xcconfig */,
				282829758513A60968535014 /* Pods-GiphyKit.debug.xcconfig */,
				2CA88244C05E57D92E436D2C /* Pods-GiphyKit.release.xcconfig */,
				213A6028654D68E8497E096D /* Pods-ImgurKit.debug.xcconfig */,
				358956CE63BB43BA3C097AB3 /* Pods-ImgurKit.release.xcconfig */,
			);
			name = Pods;
			sourceTree = "<group>";
		};
		281227251C5D946C00128D00 /* Email Field */ = {
			isa = PBXGroup;
			children = (
				2874F7301C42EE5800D06D34 /* LoginTextField.swift */,
				2874F7321C42F13C00D06D34 /* LoginTextFieldCell.swift */,
			);
			name = "Email Field";
			sourceTree = "<group>";
		};
		281227261C5D947D00128D00 /* Password Field */ = {
			isa = PBXGroup;
			children = (
				281227211C5D902300128D00 /* LoginSecureTextFieldCell.swift */,
				281227231C5D905200128D00 /* LoginSecureTextField.swift */,
			);
			name = "Password Field";
			sourceTree = "<group>";
		};
		281227271C5D960500128D00 /* Login Button */ = {
			isa = PBXGroup;
			children = (
				2874F72E1C42E9BB00D06D34 /* LoginButton.swift */,
				281227281C5D961900128D00 /* LoginButtonCell.swift */,
			);
			name = "Login Button";
			sourceTree = "<group>";
		};
		2812272A1C5E642E00128D00 /* Toolbar */ = {
			isa = PBXGroup;
			children = (
				2812272B1C5E644000128D00 /* ComposeToolbarViewController.swift */,
				2812272D1C5E644E00128D00 /* ComposeToolbarView.swift */,
			);
			name = Toolbar;
			sourceTree = "<group>";
		};
		2812272F1C5E700700128D00 /* Window/View */ = {
			isa = PBXGroup;
			children = (
				281227311C5E750600128D00 /* ComposeViewController */,
				28A8C0301C457F1F006DA6FC /* ComposeWindowController.swift */,
				285DFB9B1C5446F000C34980 /* PeachComposeTextView.swift */,
				28CC1E531C5E9F53001DD6EC /* MagicButton.swift */,
				284F9EE61C66127C00BAB6C5 /* MagicInputViewController.swift */,
			);
			name = Window/View;
			sourceTree = "<group>";
		};
		281227301C5E701300128D00 /* Attachments */ = {
			isa = PBXGroup;
			children = (
				2827492B1C66B0E800A8F282 /* Song */,
				28EF93B61C66607B0073C5FB /* Weather */,
				28EF93A21C6632010073C5FB /* Game */,
				284F9EFD1C6618EB00BAB6C5 /* Good Night */,
				284F9EFA1C66189500BAB6C5 /* Good Morning */,
				284F9EF71C66184400BAB6C5 /* Rating */,
				284F9EF41C6617AB00BAB6C5 /* Mood */,
				284F9EF11C66172900BAB6C5 /* Date */,
				284F9EEE1C6616E000BAB6C5 /* Time */,
				284F9EEB1C66166C00BAB6C5 /* Dice */,
				284F9EE81C66152D00BAB6C5 /* Battery */,
				28BE2CD81C62C2C8006A4392 /* GIF */,
				28BE2CD11C628D60006A4392 /* Text Options */,
				28CC1E5D1C5ECE25001DD6EC /* Text */,
				284F9F041C66231000BAB6C5 /* MagicInputHandler.swift */,
				28EF93BB1C6687990073C5FB /* DeferredAttachmentHandler.swift */,
				28EF93BD1C6688750073C5FB /* DeferredAttachmentDelegate.swift */,
				2889461F1C690BF1005253CB /* LocationManager.swift */,
			);
			name = Attachments;
			sourceTree = "<group>";
		};
		281227311C5E750600128D00 /* ComposeViewController */ = {
			isa = PBXGroup;
			children = (
				28A1DA6C1C4570E7004198A0 /* ComposeViewController.swift */,
				281227331C5E752800128D00 /* ComposeViewController+MoveButtons.swift */,
				281227371C5E770B00128D00 /* ComposeViewController+NSTextStorageDelegate.swift */,
				284F9F061C6625AB00BAB6C5 /* ComposeViewController+DeferredAttachmentDelegate.swift */,
			);
			name = ComposeViewController;
			sourceTree = "<group>";
		};
		2827492B1C66B0E800A8F282 /* Song */ = {
			isa = PBXGroup;
			children = (
				2827492C1C66B13700A8F282 /* SongAttachment.swift */,
			);
			name = Song;
			sourceTree = "<group>";
		};
		282CA58A1C45C2E50075AE9A /* Stream */ = {
			isa = PBXGroup;
			children = (
				285DFB861C52C2FD00C34980 /* Link */,
				285DFB811C52C22000C34980 /* Location */,
				285DFB7C1C518F3E00C34980 /* Video */,
				28515A9F1C4ADEF000F0ABE8 /* Actions */,
				28515A9A1C4AC80E00F0ABE8 /* GIF */,
				28515A931C49D0EA00F0ABE8 /* Image */,
				28515A901C49D03200F0ABE8 /* Text */,
				2868BC701C499278007A01B7 /* StreamHeaderView.swift */,
				282CA58B1C45C3A50075AE9A /* StreamViewController.swift */,
				285DFB7A1C518DF600C34980 /* StreamCollectionViewDelegate.swift */,
			);
			name = Stream;
			sourceTree = "<group>";
		};
		282D92B61C42CCAF00B83109 = {
			isa = PBXGroup;
			children = (
				282D92C11C42CCAF00B83109 /* Peach */,
				282D92D71C42CDD800B83109 /* PeachKit */,
				286CBA391C491B3500D3B902 /* GiphyKit */,
				2833B0AA1C54FE2D00E945A5 /* ImgurKit */,
				282D92C01C42CCAF00B83109 /* Products */,
				0F5830214DA42C3866A389BF /* Pods */,
				9ECED47B12594D2416A13B86 /* Frameworks */,
			);
			sourceTree = "<group>";
		};
		282D92C01C42CCAF00B83109 /* Products */ = {
			isa = PBXGroup;
			children = (
				282D92BF1C42CCAF00B83109 /* Peach.app */,
				282D92D61C42CDD800B83109 /* PeachKit.framework */,
				286CBA381C491B3500D3B902 /* GiphyKit.framework */,
				2833B0A91C54FE2D00E945A5 /* ImgurKit.framework */,
			);
			name = Products;
			sourceTree = "<group>";
		};
		282D92C11C42CCAF00B83109 /* Peach */ = {
			isa = PBXGroup;
			children = (
				2856A0A01C5D5E8800B2BB21 /* Activity */,
				28C7A1ED1C48691D004D8FD0 /* Extensions */,
				2874F7341C42F93900D06D34 /* Peach.entitlements */,
				282CA58A1C45C2E50075AE9A /* Stream */,
				28A1DA6B1C457047004198A0 /* Compose */,
				28DBACFB1C4301EA00CC66CB /* Connections */,
				2874F71E1C42D71800D06D34 /* Login */,
				2874F7271C42E5E100D06D34 /* Global */,
				282D92C21C42CCAF00B83109 /* AppDelegate.swift */,
				282D92C61C42CCAF00B83109 /* Assets.xcassets */,
				282D92C81C42CCAF00B83109 /* Main.storyboard */,
				288D9B491C597584008F6608 /* Login.xib */,
				282D92CB1C42CCAF00B83109 /* Info.plist */,
			);
			path = Peach;
			sourceTree = "<group>";
		};
		282D92D71C42CDD800B83109 /* PeachKit */ = {
			isa = PBXGroup;
			children = (
				282D92E51C42CF5200B83109 /* Models */,
				282D92D81C42CDD900B83109 /* PeachKit.h */,
				282D92DA1C42CDD900B83109 /* Info.plist */,
				282D92E31C42CDE600B83109 /* Peach.swift */,
				2874F7211C42DC9700D06D34 /* API.swift */,
			);
			path = PeachKit;
			sourceTree = "<group>";
		};
		282D92E51C42CF5200B83109 /* Models */ = {
			isa = PBXGroup;
			children = (
				2879B8811C4C1AE900BC7058 /* Message */,
				282D92E61C42D08F00B83109 /* Activity.swift */,
				2874F71C1C42D3FA00D06D34 /* User.swift */,
				2874F7371C42FF7B00D06D34 /* Stream.swift */,
				28DBAD021C430BA800CC66CB /* Post.swift */,
				28DBAD041C430CB700CC66CB /* Comment.swift */,
				28C7A1DF1C4830DE004D8FD0 /* FriendRequest.swift */,
			);
			name = Models;
			sourceTree = "<group>";
		};
		2833B0AA1C54FE2D00E945A5 /* ImgurKit */ = {
			isa = PBXGroup;
			children = (
				2833B0AB1C54FE2D00E945A5 /* ImgurKit.h */,
				2833B0AD1C54FE2D00E945A5 /* Info.plist */,
				2833B0B51C55000500E945A5 /* Imgur.swift */,
				2833B0B71C5500C900E945A5 /* Upload.swift */,
				2833B0B91C55011900E945A5 /* API.swift */,
			);
			path = ImgurKit;
			sourceTree = "<group>";
		};
		284F9EE81C66152D00BAB6C5 /* Battery */ = {
			isa = PBXGroup;
			children = (
				284F9EE91C66154A00BAB6C5 /* BatteryAttachment.swift */,
			);
			name = Battery;
			sourceTree = "<group>";
		};
		284F9EEB1C66166C00BAB6C5 /* Dice */ = {
			isa = PBXGroup;
			children = (
				284F9EEC1C66167800BAB6C5 /* DiceAttachment.swift */,
			);
			name = Dice;
			sourceTree = "<group>";
		};
		284F9EEE1C6616E000BAB6C5 /* Time */ = {
			isa = PBXGroup;
			children = (
				284F9EEF1C6616EC00BAB6C5 /* TimeAttachment.swift */,
			);
			name = Time;
			sourceTree = "<group>";
		};
		284F9EF11C66172900BAB6C5 /* Date */ = {
			isa = PBXGroup;
			children = (
				284F9EF21C66173B00BAB6C5 /* DateAttachment.swift */,
			);
			name = Date;
			sourceTree = "<group>";
		};
		284F9EF41C6617AB00BAB6C5 /* Mood */ = {
			isa = PBXGroup;
			children = (
				284F9EF51C6617CB00BAB6C5 /* MoodAttachment.swift */,
			);
			name = Mood;
			sourceTree = "<group>";
		};
		284F9EF71C66184400BAB6C5 /* Rating */ = {
			isa = PBXGroup;
			children = (
				284F9EF81C66185600BAB6C5 /* RatingAttachment.swift */,
			);
			name = Rating;
			sourceTree = "<group>";
		};
		284F9EFA1C66189500BAB6C5 /* Good Morning */ = {
			isa = PBXGroup;
			children = (
				284F9EFB1C6618AB00BAB6C5 /* GoodMorningAttachment.swift */,
			);
			name = "Good Morning";
			sourceTree = "<group>";
		};
		284F9EFD1C6618EB00BAB6C5 /* Good Night */ = {
			isa = PBXGroup;
			children = (
				284F9EFE1C6618FA00BAB6C5 /* GoodNightAttachment.swift */,
			);
			name = "Good Night";
			sourceTree = "<group>";
		};
		28515A901C49D03200F0ABE8 /* Text */ = {
			isa = PBXGroup;
			children = (
				28515A881C49CD1500F0ABE8 /* PostTextItem.xib */,
				28515A911C49D04A00F0ABE8 /* PostTextCollectionViewItem.swift */,
			);
			name = Text;
			sourceTree = "<group>";
		};
		28515A931C49D0EA00F0ABE8 /* Image */ = {
			isa = PBXGroup;
			children = (
				28515A8C1C49CE4900F0ABE8 /* PostImageItem.xib */,
				28515A8E1C49CE5A00F0ABE8 /* PostImageItem.swift */,
			);
			name = Image;
			sourceTree = "<group>";
		};
		28515A9A1C4AC80E00F0ABE8 /* GIF */ = {
			isa = PBXGroup;
			children = (
				28515A9B1C4AC81D00F0ABE8 /* PostGIFItem.xib */,
				28515A9D1C4AC84700F0ABE8 /* PostGIFItem.swift */,
				2867DC251C5CF78200FC0355 /* GIFPlayer.swift */,
			);
			name = GIF;
			sourceTree = "<group>";
		};
		28515A9F1C4ADEF000F0ABE8 /* Actions */ = {
			isa = PBXGroup;
			children = (
				28515AA01C4ADF1D00F0ABE8 /* PostActionsItem.xib */,
				28515AA21C4AE02000F0ABE8 /* PostActionsItem.swift */,
				282DD0B01C5ACA1B004AE18D /* PostActionsView.swift */,
			);
			name = Actions;
			sourceTree = "<group>";
		};
		2856A0A01C5D5E8800B2BB21 /* Activity */ = {
			isa = PBXGroup;
			children = (
				2856A0A11C5D5EDC00B2BB21 /* ActivityViewController.swift */,
			);
			name = Activity;
			sourceTree = "<group>";
		};
		285DFB7C1C518F3E00C34980 /* Video */ = {
			isa = PBXGroup;
			children = (
				285DFB7D1C518F4F00C34980 /* PostVideoItem.xib */,
				285DFB7F1C518FA400C34980 /* PostVideoItem.swift */,
				285DFB8D1C52D7F500C34980 /* PeachPlayerView.swift */,
			);
			name = Video;
			sourceTree = "<group>";
		};
		285DFB811C52C22000C34980 /* Location */ = {
			isa = PBXGroup;
			children = (
				285DFB821C52C23E00C34980 /* PostLocationItem.swift */,
				285DFB831C52C23E00C34980 /* PostLocationItem.xib */,
			);
			name = Location;
			sourceTree = "<group>";
		};
		285DFB861C52C2FD00C34980 /* Link */ = {
			isa = PBXGroup;
			children = (
				285DFB871C52C31900C34980 /* PostLinkItem.swift */,
				285DFB881C52C31900C34980 /* PostLinkItem.xib */,
			);
			name = Link;
			sourceTree = "<group>";
		};
		286CBA2E1C49033C00D3B902 /* Views */ = {
			isa = PBXGroup;
			children = (
				28DBACFE1C43055F00CC66CB /* ConnectionsView.swift */,
				28C7A1E91C485FF3004D8FD0 /* ConnectionCell.swift */,
				285DFB951C52DF1400C34980 /* ConnectionsLoadingView.swift */,
			);
			name = Views;
			sourceTree = "<group>";
		};
		286CBA391C491B3500D3B902 /* GiphyKit */ = {
			isa = PBXGroup;
			children = (
				286CBA461C491EA100D3B902 /* Models */,
				286CBA3A1C491B3500D3B902 /* GiphyKit.h */,
				286CBA3C1C491B3500D3B902 /* Info.plist */,
				286CBA441C491B5500D3B902 /* Giphy.swift */,
				286CBA4B1C49225200D3B902 /* API.swift */,
			);
			path = GiphyKit;
			sourceTree = "<group>";
		};
		286CBA461C491EA100D3B902 /* Models */ = {
			isa = PBXGroup;
			children = (
				286CBA471C491EAA00D3B902 /* GIF.swift */,
				286CBA491C49209B00D3B902 /* GiphyImage.swift */,
			);
			name = Models;
			sourceTree = "<group>";
		};
		2874F71E1C42D71800D06D34 /* Login */ = {
			isa = PBXGroup;
			children = (
				281227271C5D960500128D00 /* Login Button */,
				281227261C5D947D00128D00 /* Password Field */,
				281227251C5D946C00128D00 /* Email Field */,
				2874F71F1C42D73400D06D34 /* LoginViewController.swift */,
				2874F7251C42E57700D06D34 /* LoginView.swift */,
			);
			name = Login;
			sourceTree = "<group>";
		};
		2874F7271C42E5E100D06D34 /* Global */ = {
			isa = PBXGroup;
			children = (
				288D9B4F1C5977C1008F6608 /* Container View */,
				2899A75B1C558DB90045C4F9 /* Toolbar */,
				28A1DA701C457165004198A0 /* PeachViewController.swift */,
				28A8C0321C45AD01006DA6FC /* PeachTabViewController.swift */,
				28D6FA151C56EFC200CCC319 /* MainWindowController.swift */,
				2884D19D1C65706800035B82 /* PushSegue.swift */,
			);
			name = Global;
			sourceTree = "<group>";
		};
		2879B8811C4C1AE900BC7058 /* Message */ = {
			isa = PBXGroup;
			children = (
				289D3F0B1C4C1F0900E96321 /* Subtypes */,
				28DBAD061C430CD900CC66CB /* Message.swift */,
			);
			name = Message;
			sourceTree = "<group>";
		};
		288D9B4F1C5977C1008F6608 /* Container View */ = {
			isa = PBXGroup;
			children = (
				28A1DA691C456B18004198A0 /* PeachContainerViewController.swift */,
				288D9B4D1C597768008F6608 /* +MoveButtons.swift */,
				288D9B501C5977D8008F6608 /* +LoginView.swift */,
			);
			name = "Container View";
			sourceTree = "<group>";
		};
		2899A75B1C558DB90045C4F9 /* Toolbar */ = {
			isa = PBXGroup;
			children = (
				2899A75C1C558DD30045C4F9 /* PeachToolbarViewController.swift */,
				2899A75E1C558DE00045C4F9 /* PeachToolbarView.swift */,
				288D9B4B1C5976F8008F6608 /* AvatarView.swift */,
			);
			name = Toolbar;
			sourceTree = "<group>";
		};
		289D3F0B1C4C1F0900E96321 /* Subtypes */ = {
			isa = PBXGroup;
			children = (
				2879B8821C4C1BA600BC7058 /* TextMessage.swift */,
				2879B8841C4C1C1D00BC7058 /* ImageMessage.swift */,
				289D3F0C1C4C261300E96321 /* VideoMessage.swift */,
				289D3F0E1C4C296100E96321 /* MusicMessage.swift */,
				289D3F101C4C2CC300E96321 /* LocationMessage.swift */,
				289D3F121C4C314600E96321 /* LinkMessage.swift */,
			);
			name = Subtypes;
			sourceTree = "<group>";
		};
		28A1DA6B1C457047004198A0 /* Compose */ = {
			isa = PBXGroup;
			children = (
				281227301C5E701300128D00 /* Attachments */,
				2812272F1C5E700700128D00 /* Window/View */,
				2812272A1C5E642E00128D00 /* Toolbar */,
			);
			name = Compose;
			sourceTree = "<group>";
		};
		28BE2CD11C628D60006A4392 /* Text Options */ = {
			isa = PBXGroup;
			children = (
				28BE2CD21C628D74006A4392 /* PeachTextOptionsAttachment.swift */,
				28BE2CD41C628D89006A4392 /* PeachTextOptionsAttachmentCell.swift */,
				28BE2CD61C629AA2006A4392 /* AttachmentButtonCell.swift */,
			);
			name = "Text Options";
			sourceTree = "<group>";
		};
		28BE2CD81C62C2C8006A4392 /* GIF */ = {
			isa = PBXGroup;
			children = (
				284F9F001C661D0300BAB6C5 /* GIFSearch.swift */,
			);
			name = GIF;
			sourceTree = "<group>";
		};
		28C7A1ED1C48691D004D8FD0 /* Extensions */ = {
			isa = PBXGroup;
			children = (
				28C7A1EB1C4863E3004D8FD0 /* NSColor+CustomColors.swift */,
				28630CB81C4B151C002906F3 /* String+EstimatedHeight.swift */,
				285DFB991C54184B00C34980 /* NSImage+CropToSquare.swift */,
				288D9B521C5A4197008F6608 /* NSView+HideWithAnimation.swift */,
				28CC1E601C5ED56B001DD6EC /* NSDate+ConvenienceMethods.swift */,
				28BE2CCF1C615A37006A4392 /* NSAttributedString+RemoveLastWord.swift */,
				2884D1971C653CCF00035B82 /* NSImageView+Transition.swift */,
				28EF939F1C66267D0073C5FB /* NSTextAttachment+AttributedString.swift */,
			);
			name = Extensions;
			sourceTree = "<group>";
		};
		28CC1E5D1C5ECE25001DD6EC /* Text */ = {
			isa = PBXGroup;
			children = (
				28CC1E5B1C5ECAA6001DD6EC /* PeachTextAttachment.swift */,
				28CC1E5E1C5ECE49001DD6EC /* PeachTextAttachmentCell.swift */,
			);
			name = Text;
			sourceTree = "<group>";
		};
		28DBACFB1C4301EA00CC66CB /* Connections */ = {
			isa = PBXGroup;
			children = (
				286CBA2E1C49033C00D3B902 /* Views */,
				28C7A1E11C485396004D8FD0 /* ConnectionsCollectionViewController.swift */,
				28C7A1E31C485702004D8FD0 /* ConnectionCollectionViewItem.swift */,
				28C7A1E71C485B78004D8FD0 /* ConnectionCollectionViewItem.xib */,
			);
			name = Connections;
			sourceTree = "<group>";
		};
		28EF93A21C6632010073C5FB /* Game */ = {
			isa = PBXGroup;
			children = (
				28EF93A31C66320B0073C5FB /* GameSearch.swift */,
			);
			name = Game;
			sourceTree = "<group>";
		};
		28EF93B61C66607B0073C5FB /* Weather */ = {
			isa = PBXGroup;
			children = (
				28EF93B91C6687670073C5FB /* WeatherAttachmentHandler.swift */,
			);
			name = Weather;
			sourceTree = "<group>";
		};
		9ECED47B12594D2416A13B86 /* Frameworks */ = {
			isa = PBXGroup;
			children = (
				29E22E0C5D18D00CEFEECF45 /* Pods_Peach.framework */,
				A4C1416E93ADBA91CBFC1592 /* Pods_PeachKit.framework */,
				9AD8ED98CC3162765C81FD46 /* Pods_GiphyKit.framework */,
				94AD6CE16186EDA6D97F0AA6 /* Pods_ImgurKit.framework */,
			);
			name = Frameworks;
			sourceTree = "<group>";
		};
/* End PBXGroup section */

/* Begin PBXHeadersBuildPhase section */
		282D92D31C42CDD800B83109 /* Headers */ = {
			isa = PBXHeadersBuildPhase;
			buildActionMask = 2147483647;
			files = (
				282D92D91C42CDD900B83109 /* PeachKit.h in Headers */,
			);
			runOnlyForDeploymentPostprocessing = 0;
		};
		2833B0A61C54FE2D00E945A5 /* Headers */ = {
			isa = PBXHeadersBuildPhase;
			buildActionMask = 2147483647;
			files = (
				2833B0AC1C54FE2D00E945A5 /* ImgurKit.h in Headers */,
			);
			runOnlyForDeploymentPostprocessing = 0;
		};
		286CBA351C491B3500D3B902 /* Headers */ = {
			isa = PBXHeadersBuildPhase;
			buildActionMask = 2147483647;
			files = (
				286CBA3B1C491B3500D3B902 /* GiphyKit.h in Headers */,
			);
			runOnlyForDeploymentPostprocessing = 0;
		};
/* End PBXHeadersBuildPhase section */

/* Begin PBXNativeTarget section */
		282D92BE1C42CCAF00B83109 /* Peach */ = {
			isa = PBXNativeTarget;
			buildConfigurationList = 282D92CE1C42CCAF00B83109 /* Build configuration list for PBXNativeTarget "Peach" */;
			buildPhases = (
				CE1A04433F7EBEF9CB00B7DC /* Check Pods Manifest.lock */,
				282D92BB1C42CCAF00B83109 /* Sources */,
				282D92BC1C42CCAF00B83109 /* Frameworks */,
				282D92BD1C42CCAF00B83109 /* Resources */,
				282D92E21C42CDD900B83109 /* Embed Frameworks */,
				2A73129D9BC740AE77274653 /* Embed Pods Frameworks */,
				F78146E6B1FDB65A3B291568 /* Copy Pods Resources */,
			);
			buildRules = (
			);
			dependencies = (
				282D92DC1C42CDD900B83109 /* PBXTargetDependency */,
				286CBA3E1C491B3500D3B902 /* PBXTargetDependency */,
				2833B0AF1C54FE2D00E945A5 /* PBXTargetDependency */,
			);
			name = Peach;
			productName = Peach;
			productReference = 282D92BF1C42CCAF00B83109 /* Peach.app */;
			productType = "com.apple.product-type.application";
		};
		282D92D51C42CDD800B83109 /* PeachKit */ = {
			isa = PBXNativeTarget;
			buildConfigurationList = 282D92DF1C42CDD900B83109 /* Build configuration list for PBXNativeTarget "PeachKit" */;
			buildPhases = (
				0EB3ADB30952C58157357124 /* Check Pods Manifest.lock */,
				282D92D11C42CDD800B83109 /* Sources */,
				282D92D21C42CDD800B83109 /* Frameworks */,
				282D92D31C42CDD800B83109 /* Headers */,
				282D92D41C42CDD800B83109 /* Resources */,
				D16764E41054A5C487EBF63B /* Copy Pods Resources */,
			);
			buildRules = (
			);
			dependencies = (
			);
			name = PeachKit;
			productName = PeachKit;
			productReference = 282D92D61C42CDD800B83109 /* PeachKit.framework */;
			productType = "com.apple.product-type.framework";
		};
		2833B0A81C54FE2D00E945A5 /* ImgurKit */ = {
			isa = PBXNativeTarget;
			buildConfigurationList = 2833B0B41C54FE2D00E945A5 /* Build configuration list for PBXNativeTarget "ImgurKit" */;
			buildPhases = (
				71831FAB6A6BA85482EEC8D8 /* Check Pods Manifest.lock */,
				2833B0A41C54FE2D00E945A5 /* Sources */,
				2833B0A51C54FE2D00E945A5 /* Frameworks */,
				2833B0A61C54FE2D00E945A5 /* Headers */,
				2833B0A71C54FE2D00E945A5 /* Resources */,
				1EB295BC0B641E238F57D646 /* Copy Pods Resources */,
			);
			buildRules = (
			);
			dependencies = (
			);
			name = ImgurKit;
			productName = ImgurKit;
			productReference = 2833B0A91C54FE2D00E945A5 /* ImgurKit.framework */;
			productType = "com.apple.product-type.framework";
		};
		286CBA371C491B3500D3B902 /* GiphyKit */ = {
			isa = PBXNativeTarget;
			buildConfigurationList = 286CBA411C491B3500D3B902 /* Build configuration list for PBXNativeTarget "GiphyKit" */;
			buildPhases = (
				E707EADC29513FF174B9BC8C /* Check Pods Manifest.lock */,
				286CBA331C491B3500D3B902 /* Sources */,
				286CBA341C491B3500D3B902 /* Frameworks */,
				286CBA351C491B3500D3B902 /* Headers */,
				286CBA361C491B3500D3B902 /* Resources */,
				44256C4302B238EFE4E99FAE /* Copy Pods Resources */,
			);
			buildRules = (
			);
			dependencies = (
			);
			name = GiphyKit;
			productName = GiphyKit;
			productReference = 286CBA381C491B3500D3B902 /* GiphyKit.framework */;
			productType = "com.apple.product-type.framework";
		};
/* End PBXNativeTarget section */

/* Begin PBXProject section */
		282D92B71C42CCAF00B83109 /* Project object */ = {
			isa = PBXProject;
			attributes = {
				LastSwiftUpdateCheck = 0720;
				LastUpgradeCheck = 0720;
				ORGANIZATIONNAME = "Cocoon Development Ltd";
				TargetAttributes = {
					282D92BE1C42CCAF00B83109 = {
						CreatedOnToolsVersion = 7.2;
						DevelopmentTeam = B598AEF9ZM;
						SystemCapabilities = {
							com.apple.Keychain = {
								enabled = 0;
							};
							com.apple.Sandbox = {
								enabled = 0;
							};
						};
					};
					282D92D51C42CDD800B83109 = {
						CreatedOnToolsVersion = 7.2;
					};
					2833B0A81C54FE2D00E945A5 = {
						CreatedOnToolsVersion = 7.2;
						DevelopmentTeam = B598AEF9ZM;
					};
					286CBA371C491B3500D3B902 = {
						CreatedOnToolsVersion = 7.2;
						DevelopmentTeam = B598AEF9ZM;
					};
				};
			};
			buildConfigurationList = 282D92BA1C42CCAF00B83109 /* Build configuration list for PBXProject "Peach" */;
			compatibilityVersion = "Xcode 3.2";
			developmentRegion = English;
			hasScannedForEncodings = 0;
			knownRegions = (
				en,
				Base,
			);
			mainGroup = 282D92B61C42CCAF00B83109;
			productRefGroup = 282D92C01C42CCAF00B83109 /* Products */;
			projectDirPath = "";
			projectRoot = "";
			targets = (
				282D92BE1C42CCAF00B83109 /* Peach */,
				282D92D51C42CDD800B83109 /* PeachKit */,
				286CBA371C491B3500D3B902 /* GiphyKit */,
				2833B0A81C54FE2D00E945A5 /* ImgurKit */,
			);
		};
/* End PBXProject section */

/* Begin PBXResourcesBuildPhase section */
		282D92BD1C42CCAF00B83109 /* Resources */ = {
			isa = PBXResourcesBuildPhase;
			buildActionMask = 2147483647;
			files = (
				28515A8D1C49CE4900F0ABE8 /* PostImageItem.xib in Resources */,
				285DFB7E1C518F4F00C34980 /* PostVideoItem.xib in Resources */,
				282D92C71C42CCAF00B83109 /* Assets.xcassets in Resources */,
				28515A9C1C4AC81D00F0ABE8 /* PostGIFItem.xib in Resources */,
				28515AA11C4ADF1E00F0ABE8 /* PostActionsItem.xib in Resources */,
				282D92CA1C42CCAF00B83109 /* Main.storyboard in Resources */,
				285DFB8A1C52C31900C34980 /* PostLinkItem.xib in Resources */,
				28515A891C49CD1500F0ABE8 /* PostTextItem.xib in Resources */,
				28C7A1E81C485B78004D8FD0 /* ConnectionCollectionViewItem.xib in Resources */,
				285DFB851C52C23E00C34980 /* PostLocationItem.xib in Resources */,
				288D9B4A1C597584008F6608 /* Login.xib in Resources */,
			);
			runOnlyForDeploymentPostprocessing = 0;
		};
		282D92D41C42CDD800B83109 /* Resources */ = {
			isa = PBXResourcesBuildPhase;
			buildActionMask = 2147483647;
			files = (
			);
			runOnlyForDeploymentPostprocessing = 0;
		};
		2833B0A71C54FE2D00E945A5 /* Resources */ = {
			isa = PBXResourcesBuildPhase;
			buildActionMask = 2147483647;
			files = (
			);
			runOnlyForDeploymentPostprocessing = 0;
		};
		286CBA361C491B3500D3B902 /* Resources */ = {
			isa = PBXResourcesBuildPhase;
			buildActionMask = 2147483647;
			files = (
			);
			runOnlyForDeploymentPostprocessing = 0;
		};
/* End PBXResourcesBuildPhase section */

/* Begin PBXShellScriptBuildPhase section */
		0EB3ADB30952C58157357124 /* Check Pods Manifest.lock */ = {
			isa = PBXShellScriptBuildPhase;
			buildActionMask = 2147483647;
			files = (
			);
			inputPaths = (
			);
			name = "Check Pods Manifest.lock";
			outputPaths = (
			);
			runOnlyForDeploymentPostprocessing = 0;
			shellPath = /bin/sh;
			shellScript = "diff \"${PODS_ROOT}/../Podfile.lock\" \"${PODS_ROOT}/Manifest.lock\" > /dev/null\nif [[ $? != 0 ]] ; then\n    cat << EOM\nerror: The sandbox is not in sync with the Podfile.lock. Run 'pod install' or update your CocoaPods installation.\nEOM\n    exit 1\nfi\n";
			showEnvVarsInLog = 0;
		};
		1EB295BC0B641E238F57D646 /* Copy Pods Resources */ = {
			isa = PBXShellScriptBuildPhase;
			buildActionMask = 2147483647;
			files = (
			);
			inputPaths = (
			);
			name = "Copy Pods Resources";
			outputPaths = (
			);
			runOnlyForDeploymentPostprocessing = 0;
			shellPath = /bin/sh;
			shellScript = "\"${SRCROOT}/Pods/Target Support Files/Pods-ImgurKit/Pods-ImgurKit-resources.sh\"\n";
			showEnvVarsInLog = 0;
		};
		2A73129D9BC740AE77274653 /* Embed Pods Frameworks */ = {
			isa = PBXShellScriptBuildPhase;
			buildActionMask = 2147483647;
			files = (
			);
			inputPaths = (
			);
			name = "Embed Pods Frameworks";
			outputPaths = (
			);
			runOnlyForDeploymentPostprocessing = 0;
			shellPath = /bin/sh;
			shellScript = "\"${SRCROOT}/Pods/Target Support Files/Pods-Peach/Pods-Peach-frameworks.sh\"\n";
			showEnvVarsInLog = 0;
		};
		44256C4302B238EFE4E99FAE /* Copy Pods Resources */ = {
			isa = PBXShellScriptBuildPhase;
			buildActionMask = 2147483647;
			files = (
			);
			inputPaths = (
			);
			name = "Copy Pods Resources";
			outputPaths = (
			);
			runOnlyForDeploymentPostprocessing = 0;
			shellPath = /bin/sh;
			shellScript = "\"${SRCROOT}/Pods/Target Support Files/Pods-GiphyKit/Pods-GiphyKit-resources.sh\"\n";
			showEnvVarsInLog = 0;
		};
		71831FAB6A6BA85482EEC8D8 /* Check Pods Manifest.lock */ = {
			isa = PBXShellScriptBuildPhase;
			buildActionMask = 2147483647;
			files = (
			);
			inputPaths = (
			);
			name = "Check Pods Manifest.lock";
			outputPaths = (
			);
			runOnlyForDeploymentPostprocessing = 0;
			shellPath = /bin/sh;
			shellScript = "diff \"${PODS_ROOT}/../Podfile.lock\" \"${PODS_ROOT}/Manifest.lock\" > /dev/null\nif [[ $? != 0 ]] ; then\n    cat << EOM\nerror: The sandbox is not in sync with the Podfile.lock. Run 'pod install' or update your CocoaPods installation.\nEOM\n    exit 1\nfi\n";
			showEnvVarsInLog = 0;
		};
		CE1A04433F7EBEF9CB00B7DC /* Check Pods Manifest.lock */ = {
			isa = PBXShellScriptBuildPhase;
			buildActionMask = 2147483647;
			files = (
			);
			inputPaths = (
			);
			name = "Check Pods Manifest.lock";
			outputPaths = (
			);
			runOnlyForDeploymentPostprocessing = 0;
			shellPath = /bin/sh;
			shellScript = "diff \"${PODS_ROOT}/../Podfile.lock\" \"${PODS_ROOT}/Manifest.lock\" > /dev/null\nif [[ $? != 0 ]] ; then\n    cat << EOM\nerror: The sandbox is not in sync with the Podfile.lock. Run 'pod install' or update your CocoaPods installation.\nEOM\n    exit 1\nfi\n";
			showEnvVarsInLog = 0;
		};
		D16764E41054A5C487EBF63B /* Copy Pods Resources */ = {
			isa = PBXShellScriptBuildPhase;
			buildActionMask = 2147483647;
			files = (
			);
			inputPaths = (
			);
			name = "Copy Pods Resources";
			outputPaths = (
			);
			runOnlyForDeploymentPostprocessing = 0;
			shellPath = /bin/sh;
			shellScript = "\"${SRCROOT}/Pods/Target Support Files/Pods-PeachKit/Pods-PeachKit-resources.sh\"\n";
			showEnvVarsInLog = 0;
		};
		E707EADC29513FF174B9BC8C /* Check Pods Manifest.lock */ = {
			isa = PBXShellScriptBuildPhase;
			buildActionMask = 2147483647;
			files = (
			);
			inputPaths = (
			);
			name = "Check Pods Manifest.lock";
			outputPaths = (
			);
			runOnlyForDeploymentPostprocessing = 0;
			shellPath = /bin/sh;
			shellScript = "diff \"${PODS_ROOT}/../Podfile.lock\" \"${PODS_ROOT}/Manifest.lock\" > /dev/null\nif [[ $? != 0 ]] ; then\n    cat << EOM\nerror: The sandbox is not in sync with the Podfile.lock. Run 'pod install' or update your CocoaPods installation.\nEOM\n    exit 1\nfi\n";
			showEnvVarsInLog = 0;
		};
		F78146E6B1FDB65A3B291568 /* Copy Pods Resources */ = {
			isa = PBXShellScriptBuildPhase;
			buildActionMask = 2147483647;
			files = (
			);
			inputPaths = (
			);
			name = "Copy Pods Resources";
			outputPaths = (
			);
			runOnlyForDeploymentPostprocessing = 0;
			shellPath = /bin/sh;
			shellScript = "\"${SRCROOT}/Pods/Target Support Files/Pods-Peach/Pods-Peach-resources.sh\"\n";
			showEnvVarsInLog = 0;
		};
/* End PBXShellScriptBuildPhase section */

/* Begin PBXSourcesBuildPhase section */
		282D92BB1C42CCAF00B83109 /* Sources */ = {
			isa = PBXSourcesBuildPhase;
			buildActionMask = 2147483647;
			files = (
				28CC1E541C5E9F53001DD6EC /* MagicButton.swift in Sources */,
				2874F72F1C42E9BB00D06D34 /* LoginButton.swift in Sources */,
				28BE2CD71C629AA2006A4392 /* AttachmentButtonCell.swift in Sources */,
				288946201C690BF1005253CB /* LocationManager.swift in Sources */,
				28EF93A41C66320B0073C5FB /* GameSearch.swift in Sources */,
				284F9EF91C66185600BAB6C5 /* RatingAttachment.swift in Sources */,
				284F9EF31C66173B00BAB6C5 /* DateAttachment.swift in Sources */,
				288D9B511C5977D8008F6608 /* +LoginView.swift in Sources */,
				28C7A1EC1C4863E3004D8FD0 /* NSColor+CustomColors.swift in Sources */,
				28A8C0331C45AD01006DA6FC /* PeachTabViewController.swift in Sources */,
				284F9EF61C6617CB00BAB6C5 /* MoodAttachment.swift in Sources */,
				28CC1E611C5ED56C001DD6EC /* NSDate+ConvenienceMethods.swift in Sources */,
				288D9B4E1C597768008F6608 /* +MoveButtons.swift in Sources */,
				28515AA41C4AE02000F0ABE8 /* PostActionsItem.swift in Sources */,
				281227341C5E752800128D00 /* ComposeViewController+MoveButtons.swift in Sources */,
				284F9EEA1C66154A00BAB6C5 /* BatteryAttachment.swift in Sources */,
				284F9F011C661D0300BAB6C5 /* GIFSearch.swift in Sources */,
				28EF93BA1C6687670073C5FB /* WeatherAttachmentHandler.swift in Sources */,
				284F9F051C66231000BAB6C5 /* MagicInputHandler.swift in Sources */,
				28A1DA6A1C456B18004198A0 /* PeachContainerViewController.swift in Sources */,
				285DFB9C1C5446F000C34980 /* PeachComposeTextView.swift in Sources */,
				2884D1981C653CCF00035B82 /* NSImageView+Transition.swift in Sources */,
				2884D19E1C65706800035B82 /* PushSegue.swift in Sources */,
				28630CB91C4B151C002906F3 /* String+EstimatedHeight.swift in Sources */,
				2899A75D1C558DD30045C4F9 /* PeachToolbarViewController.swift in Sources */,
				2868BC711C499278007A01B7 /* StreamHeaderView.swift in Sources */,
				2874F7261C42E57700D06D34 /* LoginView.swift in Sources */,
				28515A9E1C4AC84700F0ABE8 /* PostGIFItem.swift in Sources */,
				285DFB961C52DF1400C34980 /* ConnectionsLoadingView.swift in Sources */,
				288D9B4C1C5976F9008F6608 /* AvatarView.swift in Sources */,
				2856A0A21C5D5EDC00B2BB21 /* ActivityViewController.swift in Sources */,
				284F9EFC1C6618AB00BAB6C5 /* GoodMorningAttachment.swift in Sources */,
				281227241C5D905200128D00 /* LoginSecureTextField.swift in Sources */,
				2812272E1C5E644E00128D00 /* ComposeToolbarView.swift in Sources */,
				28DBACFF1C43055F00CC66CB /* ConnectionsView.swift in Sources */,
				28EF93A01C66267D0073C5FB /* NSTextAttachment+AttributedString.swift in Sources */,
				2812272C1C5E644000128D00 /* ComposeToolbarViewController.swift in Sources */,
				28EF93BE1C6688750073C5FB /* DeferredAttachmentDelegate.swift in Sources */,
				281227381C5E770B00128D00 /* ComposeViewController+NSTextStorageDelegate.swift in Sources */,
				284F9EE71C66127C00BAB6C5 /* MagicInputViewController.swift in Sources */,
				2874F7311C42EE5800D06D34 /* LoginTextField.swift in Sources */,
				28A8C0311C457F1F006DA6FC /* ComposeWindowController.swift in Sources */,
				284F9EFF1C6618FA00BAB6C5 /* GoodNightAttachment.swift in Sources */,
				284F9F071C6625AB00BAB6C5 /* ComposeViewController+DeferredAttachmentDelegate.swift in Sources */,
				285DFB891C52C31900C34980 /* PostLinkItem.swift in Sources */,
				28EF93BC1C6687990073C5FB /* DeferredAttachmentHandler.swift in Sources */,
				2874F7201C42D73400D06D34 /* LoginViewController.swift in Sources */,
				28515A8F1C49CE5A00F0ABE8 /* PostImageItem.swift in Sources */,
				281227221C5D902300128D00 /* LoginSecureTextFieldCell.swift in Sources */,
				284F9EF01C6616EC00BAB6C5 /* TimeAttachment.swift in Sources */,
				2874F7331C42F13C00D06D34 /* LoginTextFieldCell.swift in Sources */,
				282D92C31C42CCAF00B83109 /* AppDelegate.swift in Sources */,
				28BE2CD01C615A37006A4392 /* NSAttributedString+RemoveLastWord.swift in Sources */,
				28CC1E5F1C5ECE49001DD6EC /* PeachTextAttachmentCell.swift in Sources */,
				2899A75F1C558DE00045C4F9 /* PeachToolbarView.swift in Sources */,
				28BE2CD51C628D89006A4392 /* PeachTextOptionsAttachmentCell.swift in Sources */,
				2827492D1C66B13700A8F282 /* SongAttachment.swift in Sources */,
				285DFB9A1C54184B00C34980 /* NSImage+CropToSquare.swift in Sources */,
				28A1DA721C457165004198A0 /* PeachViewController.swift in Sources */,
				28C7A1E41C485702004D8FD0 /* ConnectionCollectionViewItem.swift in Sources */,
				282CA58C1C45C3A50075AE9A /* StreamViewController.swift in Sources */,
				28D6FA161C56EFC200CCC319 /* MainWindowController.swift in Sources */,
				28C7A1E21C485396004D8FD0 /* ConnectionsCollectionViewController.swift in Sources */,
				285DFB7B1C518DF600C34980 /* StreamCollectionViewDelegate.swift in Sources */,
				28A1DA6E1C4570E7004198A0 /* ComposeViewController.swift in Sources */,
				28515A921C49D04A00F0ABE8 /* PostTextCollectionViewItem.swift in Sources */,
				284F9EED1C66167800BAB6C5 /* DiceAttachment.swift in Sources */,
				28CC1E5C1C5ECAA6001DD6EC /* PeachTextAttachment.swift in Sources */,
				2867DC261C5CF78200FC0355 /* GIFPlayer.swift in Sources */,
				281227291C5D961900128D00 /* LoginButtonCell.swift in Sources */,
				282DD0B11C5ACA1B004AE18D /* PostActionsView.swift in Sources */,
				285DFB801C518FA400C34980 /* PostVideoItem.swift in Sources */,
				28C7A1EA1C485FF3004D8FD0 /* ConnectionCell.swift in Sources */,
				285DFB841C52C23E00C34980 /* PostLocationItem.swift in Sources */,
				288D9B531C5A4197008F6608 /* NSView+HideWithAnimation.swift in Sources */,
				28BE2CD31C628D74006A4392 /* PeachTextOptionsAttachment.swift in Sources */,
				285DFB8E1C52D7F500C34980 /* PeachPlayerView.swift in Sources */,
			);
			runOnlyForDeploymentPostprocessing = 0;
		};
		282D92D11C42CDD800B83109 /* Sources */ = {
			isa = PBXSourcesBuildPhase;
			buildActionMask = 2147483647;
			files = (
				289D3F0F1C4C296100E96321 /* MusicMessage.swift in Sources */,
				2879B8831C4C1BA600BC7058 /* TextMessage.swift in Sources */,
				289D3F0D1C4C261300E96321 /* VideoMessage.swift in Sources */,
				2879B8851C4C1C1D00BC7058 /* ImageMessage.swift in Sources */,
				2874F71D1C42D3FA00D06D34 /* User.swift in Sources */,
				282D92E71C42D08F00B83109 /* Activity.swift in Sources */,
				2874F7381C42FF7B00D06D34 /* Stream.swift in Sources */,
				28DBAD051C430CB700CC66CB /* Comment.swift in Sources */,
				28DBAD031C430BA800CC66CB /* Post.swift in Sources */,
				28DBAD071C430CD900CC66CB /* Message.swift in Sources */,
				282D92E41C42CDE600B83109 /* Peach.swift in Sources */,
				28C7A1E01C4830DE004D8FD0 /* FriendRequest.swift in Sources */,
				289D3F131C4C314600E96321 /* LinkMessage.swift in Sources */,
				289D3F111C4C2CC300E96321 /* LocationMessage.swift in Sources */,
				2874F7221C42DC9700D06D34 /* API.swift in Sources */,
			);
			runOnlyForDeploymentPostprocessing = 0;
		};
		2833B0A41C54FE2D00E945A5 /* Sources */ = {
			isa = PBXSourcesBuildPhase;
			buildActionMask = 2147483647;
			files = (
				2833B0B81C5500C900E945A5 /* Upload.swift in Sources */,
				2833B0BA1C55011900E945A5 /* API.swift in Sources */,
				2833B0B61C55000500E945A5 /* Imgur.swift in Sources */,
			);
			runOnlyForDeploymentPostprocessing = 0;
		};
		286CBA331C491B3500D3B902 /* Sources */ = {
			isa = PBXSourcesBuildPhase;
			buildActionMask = 2147483647;
			files = (
				286CBA4A1C49209B00D3B902 /* GiphyImage.swift in Sources */,
				286CBA481C491EAA00D3B902 /* GIF.swift in Sources */,
				286CBA4C1C49225200D3B902 /* API.swift in Sources */,
				286CBA451C491B5500D3B902 /* Giphy.swift in Sources */,
			);
			runOnlyForDeploymentPostprocessing = 0;
		};
/* End PBXSourcesBuildPhase section */

/* Begin PBXTargetDependency section */
		282D92DC1C42CDD900B83109 /* PBXTargetDependency */ = {
			isa = PBXTargetDependency;
			target = 282D92D51C42CDD800B83109 /* PeachKit */;
			targetProxy = 282D92DB1C42CDD900B83109 /* PBXContainerItemProxy */;
		};
		2833B0AF1C54FE2D00E945A5 /* PBXTargetDependency */ = {
			isa = PBXTargetDependency;
			target = 2833B0A81C54FE2D00E945A5 /* ImgurKit */;
			targetProxy = 2833B0AE1C54FE2D00E945A5 /* PBXContainerItemProxy */;
		};
		286CBA3E1C491B3500D3B902 /* PBXTargetDependency */ = {
			isa = PBXTargetDependency;
			target = 286CBA371C491B3500D3B902 /* GiphyKit */;
			targetProxy = 286CBA3D1C491B3500D3B902 /* PBXContainerItemProxy */;
		};
/* End PBXTargetDependency section */

/* Begin PBXVariantGroup section */
		282D92C81C42CCAF00B83109 /* Main.storyboard */ = {
			isa = PBXVariantGroup;
			children = (
				282D92C91C42CCAF00B83109 /* Base */,
			);
			name = Main.storyboard;
			sourceTree = "<group>";
		};
/* End PBXVariantGroup section */

/* Begin XCBuildConfiguration section */
		282D92CC1C42CCAF00B83109 /* Debug */ = {
			isa = XCBuildConfiguration;
			buildSettings = {
				ALWAYS_SEARCH_USER_PATHS = NO;
				CLANG_CXX_LANGUAGE_STANDARD = "gnu++0x";
				CLANG_CXX_LIBRARY = "libc++";
				CLANG_ENABLE_MODULES = YES;
				CLANG_ENABLE_OBJC_ARC = YES;
				CLANG_WARN_BOOL_CONVERSION = YES;
				CLANG_WARN_CONSTANT_CONVERSION = YES;
				CLANG_WARN_DIRECT_OBJC_ISA_USAGE = YES_ERROR;
				CLANG_WARN_EMPTY_BODY = YES;
				CLANG_WARN_ENUM_CONVERSION = YES;
				CLANG_WARN_INT_CONVERSION = YES;
				CLANG_WARN_OBJC_ROOT_CLASS = YES_ERROR;
				CLANG_WARN_UNREACHABLE_CODE = YES;
				CLANG_WARN__DUPLICATE_METHOD_MATCH = YES;
				CODE_SIGN_IDENTITY = "-";
				COPY_PHASE_STRIP = NO;
				DEBUG_INFORMATION_FORMAT = dwarf;
				ENABLE_STRICT_OBJC_MSGSEND = YES;
				ENABLE_TESTABILITY = YES;
				GCC_C_LANGUAGE_STANDARD = gnu99;
				GCC_DYNAMIC_NO_PIC = NO;
				GCC_NO_COMMON_BLOCKS = YES;
				GCC_OPTIMIZATION_LEVEL = 0;
				GCC_PREPROCESSOR_DEFINITIONS = (
					"DEBUG=1",
					"$(inherited)",
				);
				GCC_WARN_64_TO_32_BIT_CONVERSION = YES;
				GCC_WARN_ABOUT_RETURN_TYPE = YES_ERROR;
				GCC_WARN_UNDECLARED_SELECTOR = YES;
				GCC_WARN_UNINITIALIZED_AUTOS = YES_AGGRESSIVE;
				GCC_WARN_UNUSED_FUNCTION = YES;
				GCC_WARN_UNUSED_VARIABLE = YES;
				MACOSX_DEPLOYMENT_TARGET = 10.11;
				MTL_ENABLE_DEBUG_INFO = YES;
				ONLY_ACTIVE_ARCH = YES;
				SDKROOT = macosx;
				SWIFT_OPTIMIZATION_LEVEL = "-Onone";
			};
			name = Debug;
		};
		282D92CD1C42CCAF00B83109 /* Release */ = {
			isa = XCBuildConfiguration;
			buildSettings = {
				ALWAYS_SEARCH_USER_PATHS = NO;
				CLANG_CXX_LANGUAGE_STANDARD = "gnu++0x";
				CLANG_CXX_LIBRARY = "libc++";
				CLANG_ENABLE_MODULES = YES;
				CLANG_ENABLE_OBJC_ARC = YES;
				CLANG_WARN_BOOL_CONVERSION = YES;
				CLANG_WARN_CONSTANT_CONVERSION = YES;
				CLANG_WARN_DIRECT_OBJC_ISA_USAGE = YES_ERROR;
				CLANG_WARN_EMPTY_BODY = YES;
				CLANG_WARN_ENUM_CONVERSION = YES;
				CLANG_WARN_INT_CONVERSION = YES;
				CLANG_WARN_OBJC_ROOT_CLASS = YES_ERROR;
				CLANG_WARN_UNREACHABLE_CODE = YES;
				CLANG_WARN__DUPLICATE_METHOD_MATCH = YES;
				CODE_SIGN_IDENTITY = "-";
				COPY_PHASE_STRIP = NO;
				DEBUG_INFORMATION_FORMAT = "dwarf-with-dsym";
				ENABLE_NS_ASSERTIONS = NO;
				ENABLE_STRICT_OBJC_MSGSEND = YES;
				GCC_C_LANGUAGE_STANDARD = gnu99;
				GCC_NO_COMMON_BLOCKS = YES;
				GCC_WARN_64_TO_32_BIT_CONVERSION = YES;
				GCC_WARN_ABOUT_RETURN_TYPE = YES_ERROR;
				GCC_WARN_UNDECLARED_SELECTOR = YES;
				GCC_WARN_UNINITIALIZED_AUTOS = YES_AGGRESSIVE;
				GCC_WARN_UNUSED_FUNCTION = YES;
				GCC_WARN_UNUSED_VARIABLE = YES;
				MACOSX_DEPLOYMENT_TARGET = 10.11;
				MTL_ENABLE_DEBUG_INFO = NO;
				SDKROOT = macosx;
			};
			name = Release;
		};
		282D92CF1C42CCAF00B83109 /* Debug */ = {
			isa = XCBuildConfiguration;
			baseConfigurationReference = 29B9474D3E7C8CFB943A64C0 /* Pods-Peach.debug.xcconfig */;
			buildSettings = {
				ASSETCATALOG_COMPILER_APPICON_NAME = AppIcon;
				CLANG_ENABLE_MODULES = YES;
				CODE_SIGN_IDENTITY = "Developer ID Application";
				"CODE_SIGN_IDENTITY[sdk=macosx*]" = "Mac Developer";
				COMBINE_HIDPI_IMAGES = YES;
				EMBEDDED_CONTENT_CONTAINS_SWIFT = YES;
				INFOPLIST_FILE = Peach/Info.plist;
				LD_RUNPATH_SEARCH_PATHS = "$(inherited) @executable_path/../Frameworks";
				MACOSX_DEPLOYMENT_TARGET = 10.11;
				PRODUCT_BUNDLE_IDENTIFIER = uk.co.wearecocoon.Peach;
				PRODUCT_NAME = "$(TARGET_NAME)";
				PROVISIONING_PROFILE = "";
				SWIFT_OBJC_BRIDGING_HEADER = "";
				SWIFT_OPTIMIZATION_LEVEL = "-Onone";
			};
			name = Debug;
		};
		282D92D01C42CCAF00B83109 /* Release */ = {
			isa = XCBuildConfiguration;
			baseConfigurationReference = D6630702E23B1971EE74CF9E /* Pods-Peach.release.xcconfig */;
			buildSettings = {
				ASSETCATALOG_COMPILER_APPICON_NAME = AppIcon;
				CLANG_ENABLE_MODULES = YES;
				CODE_SIGN_IDENTITY = "Developer ID Application";
				"CODE_SIGN_IDENTITY[sdk=macosx*]" = "Mac Developer";
				COMBINE_HIDPI_IMAGES = YES;
				EMBEDDED_CONTENT_CONTAINS_SWIFT = YES;
				INFOPLIST_FILE = Peach/Info.plist;
				LD_RUNPATH_SEARCH_PATHS = "$(inherited) @executable_path/../Frameworks";
				MACOSX_DEPLOYMENT_TARGET = 10.11;
				PRODUCT_BUNDLE_IDENTIFIER = uk.co.wearecocoon.Peach;
				PRODUCT_NAME = "$(TARGET_NAME)";
				PROVISIONING_PROFILE = "";
				SWIFT_OBJC_BRIDGING_HEADER = "";
			};
			name = Release;
		};
		282D92E01C42CDD900B83109 /* Debug */ = {
			isa = XCBuildConfiguration;
			baseConfigurationReference = 9821358EE296C7391DCEACD2 /* Pods-PeachKit.debug.xcconfig */;
			buildSettings = {
				CLANG_ENABLE_MODULES = YES;
				COMBINE_HIDPI_IMAGES = YES;
				CURRENT_PROJECT_VERSION = 1;
				DEFINES_MODULE = YES;
				DYLIB_COMPATIBILITY_VERSION = 1;
				DYLIB_CURRENT_VERSION = 1;
				DYLIB_INSTALL_NAME_BASE = "@rpath";
				EMBEDDED_CONTENT_CONTAINS_SWIFT = NO;
				FRAMEWORK_VERSION = A;
				INFOPLIST_FILE = PeachKit/Info.plist;
				INSTALL_PATH = "$(LOCAL_LIBRARY_DIR)/Frameworks";
				LD_RUNPATH_SEARCH_PATHS = "$(inherited) @executable_path/../Frameworks @loader_path/Frameworks";
				PRODUCT_BUNDLE_IDENTIFIER = uk.co.wearecocoon.PeachKit;
				PRODUCT_NAME = "$(TARGET_NAME)";
				SKIP_INSTALL = YES;
				SWIFT_OPTIMIZATION_LEVEL = "-Onone";
				VERSIONING_SYSTEM = "apple-generic";
				VERSION_INFO_PREFIX = "";
			};
			name = Debug;
		};
		282D92E11C42CDD900B83109 /* Release */ = {
			isa = XCBuildConfiguration;
			baseConfigurationReference = 9EF90352638971C5A335C842 /* Pods-PeachKit.release.xcconfig */;
			buildSettings = {
				CLANG_ENABLE_MODULES = YES;
				COMBINE_HIDPI_IMAGES = YES;
				CURRENT_PROJECT_VERSION = 1;
				DEFINES_MODULE = YES;
				DYLIB_COMPATIBILITY_VERSION = 1;
				DYLIB_CURRENT_VERSION = 1;
				DYLIB_INSTALL_NAME_BASE = "@rpath";
				EMBEDDED_CONTENT_CONTAINS_SWIFT = NO;
				FRAMEWORK_VERSION = A;
				INFOPLIST_FILE = PeachKit/Info.plist;
				INSTALL_PATH = "$(LOCAL_LIBRARY_DIR)/Frameworks";
				LD_RUNPATH_SEARCH_PATHS = "$(inherited) @executable_path/../Frameworks @loader_path/Frameworks";
				PRODUCT_BUNDLE_IDENTIFIER = uk.co.wearecocoon.PeachKit;
				PRODUCT_NAME = "$(TARGET_NAME)";
				SKIP_INSTALL = YES;
				VERSIONING_SYSTEM = "apple-generic";
				VERSION_INFO_PREFIX = "";
			};
			name = Release;
		};
		2833B0B21C54FE2D00E945A5 /* Debug */ = {
			isa = XCBuildConfiguration;
			baseConfigurationReference = 213A6028654D68E8497E096D /* Pods-ImgurKit.debug.xcconfig */;
			buildSettings = {
				CLANG_ENABLE_MODULES = YES;
				COMBINE_HIDPI_IMAGES = YES;
				CURRENT_PROJECT_VERSION = 1;
				DEFINES_MODULE = YES;
				DYLIB_COMPATIBILITY_VERSION = 1;
				DYLIB_CURRENT_VERSION = 1;
				DYLIB_INSTALL_NAME_BASE = "@rpath";
				EMBEDDED_CONTENT_CONTAINS_SWIFT = NO;
				FRAMEWORK_VERSION = A;
				INFOPLIST_FILE = ImgurKit/Info.plist;
				INSTALL_PATH = "$(LOCAL_LIBRARY_DIR)/Frameworks";
				LD_RUNPATH_SEARCH_PATHS = "$(inherited) @executable_path/../Frameworks @loader_path/Frameworks";
				PRODUCT_BUNDLE_IDENTIFIER = uk.co.wearecocoon.ImgurKit;
				PRODUCT_NAME = "$(TARGET_NAME)";
				SKIP_INSTALL = YES;
				SWIFT_OPTIMIZATION_LEVEL = "-Onone";
				VERSIONING_SYSTEM = "apple-generic";
				VERSION_INFO_PREFIX = "";
			};
			name = Debug;
		};
		2833B0B31C54FE2D00E945A5 /* Release */ = {
			isa = XCBuildConfiguration;
			baseConfigurationReference = 358956CE63BB43BA3C097AB3 /* Pods-ImgurKit.release.xcconfig */;
			buildSettings = {
				CLANG_ENABLE_MODULES = YES;
				COMBINE_HIDPI_IMAGES = YES;
				CURRENT_PROJECT_VERSION = 1;
				DEFINES_MODULE = YES;
				DYLIB_COMPATIBILITY_VERSION = 1;
				DYLIB_CURRENT_VERSION = 1;
				DYLIB_INSTALL_NAME_BASE = "@rpath";
				EMBEDDED_CONTENT_CONTAINS_SWIFT = NO;
				FRAMEWORK_VERSION = A;
				INFOPLIST_FILE = ImgurKit/Info.plist;
				INSTALL_PATH = "$(LOCAL_LIBRARY_DIR)/Frameworks";
				LD_RUNPATH_SEARCH_PATHS = "$(inherited) @executable_path/../Frameworks @loader_path/Frameworks";
				PRODUCT_BUNDLE_IDENTIFIER = uk.co.wearecocoon.ImgurKit;
				PRODUCT_NAME = "$(TARGET_NAME)";
				SKIP_INSTALL = YES;
				VERSIONING_SYSTEM = "apple-generic";
				VERSION_INFO_PREFIX = "";
			};
			name = Release;
		};
		286CBA421C491B3500D3B902 /* Debug */ = {
			isa = XCBuildConfiguration;
			baseConfigurationReference = 282829758513A60968535014 /* Pods-GiphyKit.debug.xcconfig */;
			buildSettings = {
				CLANG_ENABLE_MODULES = YES;
				COMBINE_HIDPI_IMAGES = YES;
				CURRENT_PROJECT_VERSION = 1;
				DEFINES_MODULE = YES;
				DYLIB_COMPATIBILITY_VERSION = 1;
				DYLIB_CURRENT_VERSION = 1;
				DYLIB_INSTALL_NAME_BASE = "@rpath";
				EMBEDDED_CONTENT_CONTAINS_SWIFT = NO;
				FRAMEWORK_VERSION = A;
				INFOPLIST_FILE = GiphyKit/Info.plist;
				INSTALL_PATH = "$(LOCAL_LIBRARY_DIR)/Frameworks";
				LD_RUNPATH_SEARCH_PATHS = "$(inherited) @executable_path/../Frameworks @loader_path/Frameworks";
				PRODUCT_BUNDLE_IDENTIFIER = uk.co.wearecocoon.GiphyKit;
				PRODUCT_NAME = "$(TARGET_NAME)";
				SKIP_INSTALL = YES;
				SWIFT_OPTIMIZATION_LEVEL = "-Onone";
				VERSIONING_SYSTEM = "apple-generic";
				VERSION_INFO_PREFIX = "";
			};
			name = Debug;
		};
		286CBA431C491B3500D3B902 /* Release */ = {
			isa = XCBuildConfiguration;
			baseConfigurationReference = 2CA88244C05E57D92E436D2C /* Pods-GiphyKit.release.xcconfig */;
			buildSettings = {
				CLANG_ENABLE_MODULES = YES;
				COMBINE_HIDPI_IMAGES = YES;
				CURRENT_PROJECT_VERSION = 1;
				DEFINES_MODULE = YES;
				DYLIB_COMPATIBILITY_VERSION = 1;
				DYLIB_CURRENT_VERSION = 1;
				DYLIB_INSTALL_NAME_BASE = "@rpath";
				EMBEDDED_CONTENT_CONTAINS_SWIFT = NO;
				FRAMEWORK_VERSION = A;
				INFOPLIST_FILE = GiphyKit/Info.plist;
				INSTALL_PATH = "$(LOCAL_LIBRARY_DIR)/Frameworks";
				LD_RUNPATH_SEARCH_PATHS = "$(inherited) @executable_path/../Frameworks @loader_path/Frameworks";
				PRODUCT_BUNDLE_IDENTIFIER = uk.co.wearecocoon.GiphyKit;
				PRODUCT_NAME = "$(TARGET_NAME)";
				SKIP_INSTALL = YES;
				VERSIONING_SYSTEM = "apple-generic";
				VERSION_INFO_PREFIX = "";
			};
			name = Release;
		};
/* End XCBuildConfiguration section */

/* Begin XCConfigurationList section */
		282D92BA1C42CCAF00B83109 /* Build configuration list for PBXProject "Peach" */ = {
			isa = XCConfigurationList;
			buildConfigurations = (
				282D92CC1C42CCAF00B83109 /* Debug */,
				282D92CD1C42CCAF00B83109 /* Release */,
			);
			defaultConfigurationIsVisible = 0;
			defaultConfigurationName = Release;
		};
		282D92CE1C42CCAF00B83109 /* Build configuration list for PBXNativeTarget "Peach" */ = {
			isa = XCConfigurationList;
			buildConfigurations = (
				282D92CF1C42CCAF00B83109 /* Debug */,
				282D92D01C42CCAF00B83109 /* Release */,
			);
			defaultConfigurationIsVisible = 0;
			defaultConfigurationName = Release;
		};
		282D92DF1C42CDD900B83109 /* Build configuration list for PBXNativeTarget "PeachKit" */ = {
			isa = XCConfigurationList;
			buildConfigurations = (
				282D92E01C42CDD900B83109 /* Debug */,
				282D92E11C42CDD900B83109 /* Release */,
			);
			defaultConfigurationIsVisible = 0;
			defaultConfigurationName = Release;
		};
		2833B0B41C54FE2D00E945A5 /* Build configuration list for PBXNativeTarget "ImgurKit" */ = {
			isa = XCConfigurationList;
			buildConfigurations = (
				2833B0B21C54FE2D00E945A5 /* Debug */,
				2833B0B31C54FE2D00E945A5 /* Release */,
			);
			defaultConfigurationIsVisible = 0;
			defaultConfigurationName = Release;
		};
		286CBA411C491B3500D3B902 /* Build configuration list for PBXNativeTarget "GiphyKit" */ = {
			isa = XCConfigurationList;
			buildConfigurations = (
				286CBA421C491B3500D3B902 /* Debug */,
				286CBA431C491B3500D3B902 /* Release */,
			);
			defaultConfigurationIsVisible = 0;
			defaultConfigurationName = Release;
		};
/* End XCConfigurationList section */
	};
	rootObject = 282D92B71C42CCAF00B83109 /* Project object */;
}
